// !$*UTF8*$!
{
	archiveVersion = 1;
	classes = {
	};
	objectVersion = 48;
	objects = {

/* Begin PBXBuildFile section */
		49423E7920348323009C3599 /* Customer.swift in Sources */ = {isa = PBXBuildFile; fileRef = 49423E7820348323009C3599 /* Customer.swift */; };
		49CF814B20347FB20017E1FA /* AppDelegate.swift in Sources */ = {isa = PBXBuildFile; fileRef = 49CF814A20347FB20017E1FA /* AppDelegate.swift */; };
		49CF815020347FB20017E1FA /* Main.storyboard in Resources */ = {isa = PBXBuildFile; fileRef = 49CF814E20347FB20017E1FA /* Main.storyboard */; };
		49CF815220347FB20017E1FA /* Assets.xcassets in Resources */ = {isa = PBXBuildFile; fileRef = 49CF815120347FB20017E1FA /* Assets.xcassets */; };
		49CF815520347FB20017E1FA /* LaunchScreen.storyboard in Resources */ = {isa = PBXBuildFile; fileRef = 49CF815320347FB20017E1FA /* LaunchScreen.storyboard */; };
		4D2AC13D2040C0F400F5F330 /* UserTranslater.swift in Sources */ = {isa = PBXBuildFile; fileRef = 4D2AC13C2040C0F400F5F330 /* UserTranslater.swift */; };
		4D2AC13F2040C10E00F5F330 /* CoreDataFetcher.swift in Sources */ = {isa = PBXBuildFile; fileRef = 4D2AC13E2040C10E00F5F330 /* CoreDataFetcher.swift */; };
		4D2CCC57203DC1ED00802D31 /* RetrieveContacts.swift in Sources */ = {isa = PBXBuildFile; fileRef = 4D2CCC56203DC1ED00802D31 /* RetrieveContacts.swift */; };
		4D2CCC59203DD7CB00802D31 /* DataBaseContacts.swift in Sources */ = {isa = PBXBuildFile; fileRef = 4D2CCC58203DD7CB00802D31 /* DataBaseContacts.swift */; };
		4D2CCCB9203DDE0B00802D31 /* CustomerRegistration.xcdatamodeld in Sources */ = {isa = PBXBuildFile; fileRef = 4D2CCCB7203DDE0B00802D31 /* CustomerRegistration.xcdatamodeld */; };
		4D3EDEF2203B1853003E9ABC /* CustomerListViewController.swift in Sources */ = {isa = PBXBuildFile; fileRef = 4D3EDEF1203B1853003E9ABC /* CustomerListViewController.swift */; };
		4D6EF1CE203C97DF0073C1C2 /* CustomerTests.swift in Sources */ = {isa = PBXBuildFile; fileRef = 4D6EF1CD203C97DF0073C1C2 /* CustomerTests.swift */; };
		4D6EF1D5203C99AC0073C1C2 /* Nimble.framework in Frameworks */ = {isa = PBXBuildFile; fileRef = 49EDB1FE2036231C00F44319 /* Nimble.framework */; };
		4D6EF1D6203C99AF0073C1C2 /* Quick.framework in Frameworks */ = {isa = PBXBuildFile; fileRef = 49EDB1FD2036231C00F44319 /* Quick.framework */; };
		4D6EF1D9203C99F20073C1C2 /* Nimble.framework in CopyFiles */ = {isa = PBXBuildFile; fileRef = 49EDB1FE2036231C00F44319 /* Nimble.framework */; settings = {ATTRIBUTES = (CodeSignOnCopy, RemoveHeadersOnCopy, ); }; };
		4D6EF1DA203C99F90073C1C2 /* Quick.framework in CopyFiles */ = {isa = PBXBuildFile; fileRef = 49EDB1FD2036231C00F44319 /* Quick.framework */; settings = {ATTRIBUTES = (CodeSignOnCopy, RemoveHeadersOnCopy, ); }; };
		4D71E3C92044929000C51054 /* NameValidator.swift in Sources */ = {isa = PBXBuildFile; fileRef = 4D71E3C82044929000C51054 /* NameValidator.swift */; };
		4D71E3CB204492A600C51054 /* EmailValidator.swift in Sources */ = {isa = PBXBuildFile; fileRef = 4D71E3CA204492A600C51054 /* EmailValidator.swift */; };
		4D71E3CD204492BE00C51054 /* PhoneValidator.swift in Sources */ = {isa = PBXBuildFile; fileRef = 4D71E3CC204492BE00C51054 /* PhoneValidator.swift */; };
		4D71E3D12044A44500C51054 /* CompanyNameValidator.swift in Sources */ = {isa = PBXBuildFile; fileRef = 4D71E3D02044A44500C51054 /* CompanyNameValidator.swift */; };
		4D71E3D92044A54B00C51054 /* NameValidatorTests.swift in Sources */ = {isa = PBXBuildFile; fileRef = 4D71E3D82044A54B00C51054 /* NameValidatorTests.swift */; };
		4D71E3E02044A5E600C51054 /* Nimble.framework in Frameworks */ = {isa = PBXBuildFile; fileRef = 49EDB1FE2036231C00F44319 /* Nimble.framework */; };
		4D71E3E12044A5E800C51054 /* Quick.framework in Frameworks */ = {isa = PBXBuildFile; fileRef = 49EDB1FD2036231C00F44319 /* Quick.framework */; };
		4D71E3E32044A5FF00C51054 /* Nimble.framework in CopyFiles */ = {isa = PBXBuildFile; fileRef = 49EDB1FE2036231C00F44319 /* Nimble.framework */; settings = {ATTRIBUTES = (CodeSignOnCopy, RemoveHeadersOnCopy, ); }; };
		4D71E3E42044A60400C51054 /* Quick.framework in CopyFiles */ = {isa = PBXBuildFile; fileRef = 49EDB1FD2036231C00F44319 /* Quick.framework */; settings = {ATTRIBUTES = (CodeSignOnCopy, RemoveHeadersOnCopy, ); }; };
		4D71E3E62044A8CE00C51054 /* CNPJValidator.swift in Sources */ = {isa = PBXBuildFile; fileRef = 4D71E3E52044A8CE00C51054 /* CNPJValidator.swift */; };
		4D71E3EE2044AFBF00C51054 /* EmailValidatorTests.swift in Sources */ = {isa = PBXBuildFile; fileRef = 4D71E3ED2044AFBF00C51054 /* EmailValidatorTests.swift */; };
		4D71E3FC2044AFD600C51054 /* PhoneValidatorTests.swift in Sources */ = {isa = PBXBuildFile; fileRef = 4D71E3FB2044AFD600C51054 /* PhoneValidatorTests.swift */; };
		4D71E40A2044AFE500C51054 /* CompanyNameValidatorTests.swift in Sources */ = {isa = PBXBuildFile; fileRef = 4D71E4092044AFE500C51054 /* CompanyNameValidatorTests.swift */; };
		4D71E4182044AFF300C51054 /* CNPJValidatorTests.swift in Sources */ = {isa = PBXBuildFile; fileRef = 4D71E4172044AFF300C51054 /* CNPJValidatorTests.swift */; };
		4D71E41F2044AFFC00C51054 /* Nimble.framework in Frameworks */ = {isa = PBXBuildFile; fileRef = 49EDB1FE2036231C00F44319 /* Nimble.framework */; };
		4D71E4202044AFFC00C51054 /* Quick.framework in Frameworks */ = {isa = PBXBuildFile; fileRef = 49EDB1FD2036231C00F44319 /* Quick.framework */; };
		4D71E4222044B00800C51054 /* Nimble.framework in CopyFiles */ = {isa = PBXBuildFile; fileRef = 49EDB1FE2036231C00F44319 /* Nimble.framework */; settings = {ATTRIBUTES = (CodeSignOnCopy, RemoveHeadersOnCopy, ); }; };
		4D71E4232044B00D00C51054 /* Quick.framework in CopyFiles */ = {isa = PBXBuildFile; fileRef = 49EDB1FD2036231C00F44319 /* Quick.framework */; settings = {ATTRIBUTES = (CodeSignOnCopy, RemoveHeadersOnCopy, ); }; };
		4D71E4242044B01000C51054 /* Nimble.framework in Frameworks */ = {isa = PBXBuildFile; fileRef = 49EDB1FE2036231C00F44319 /* Nimble.framework */; };
		4D71E4252044B01000C51054 /* Quick.framework in Frameworks */ = {isa = PBXBuildFile; fileRef = 49EDB1FD2036231C00F44319 /* Quick.framework */; };
		4D71E4272044B02200C51054 /* Nimble.framework in CopyFiles */ = {isa = PBXBuildFile; fileRef = 49EDB1FE2036231C00F44319 /* Nimble.framework */; settings = {ATTRIBUTES = (CodeSignOnCopy, RemoveHeadersOnCopy, ); }; };
		4D71E4282044B02600C51054 /* Quick.framework in CopyFiles */ = {isa = PBXBuildFile; fileRef = 49EDB1FD2036231C00F44319 /* Quick.framework */; settings = {ATTRIBUTES = (CodeSignOnCopy, RemoveHeadersOnCopy, ); }; };
		4D71E4292044B02800C51054 /* Nimble.framework in Frameworks */ = {isa = PBXBuildFile; fileRef = 49EDB1FE2036231C00F44319 /* Nimble.framework */; };
		4D71E42A2044B02800C51054 /* Quick.framework in Frameworks */ = {isa = PBXBuildFile; fileRef = 49EDB1FD2036231C00F44319 /* Quick.framework */; };
		4D71E42C2044B03200C51054 /* Nimble.framework in CopyFiles */ = {isa = PBXBuildFile; fileRef = 49EDB1FE2036231C00F44319 /* Nimble.framework */; settings = {ATTRIBUTES = (CodeSignOnCopy, RemoveHeadersOnCopy, ); }; };
		4D71E42D2044B03700C51054 /* Quick.framework in CopyFiles */ = {isa = PBXBuildFile; fileRef = 49EDB1FD2036231C00F44319 /* Quick.framework */; settings = {ATTRIBUTES = (CodeSignOnCopy, RemoveHeadersOnCopy, ); }; };
		4D71E42E2044B03A00C51054 /* Nimble.framework in Frameworks */ = {isa = PBXBuildFile; fileRef = 49EDB1FE2036231C00F44319 /* Nimble.framework */; };
		4D71E42F2044B03A00C51054 /* Quick.framework in Frameworks */ = {isa = PBXBuildFile; fileRef = 49EDB1FD2036231C00F44319 /* Quick.framework */; };
		4D71E4312044B04A00C51054 /* Nimble.framework in CopyFiles */ = {isa = PBXBuildFile; fileRef = 49EDB1FE2036231C00F44319 /* Nimble.framework */; settings = {ATTRIBUTES = (CodeSignOnCopy, RemoveHeadersOnCopy, ); }; };
		4D71E4322044B04E00C51054 /* Quick.framework in CopyFiles */ = {isa = PBXBuildFile; fileRef = 49EDB1FD2036231C00F44319 /* Quick.framework */; settings = {ATTRIBUTES = (CodeSignOnCopy, RemoveHeadersOnCopy, ); }; };
		4D71E4362044B9CF00C51054 /* RetrieveHeadlines.swift in Sources */ = {isa = PBXBuildFile; fileRef = 4D71E4352044B9CF00C51054 /* RetrieveHeadlines.swift */; };
		4D71E4382044BA0300C51054 /* InMemoryHeadlines.swift in Sources */ = {isa = PBXBuildFile; fileRef = 4D71E4372044BA0300C51054 /* InMemoryHeadlines.swift */; };
		4D762C242046EB140021D01C /* RegistrationCellProtocol.swift in Sources */ = {isa = PBXBuildFile; fileRef = 4D762C232046EB140021D01C /* RegistrationCellProtocol.swift */; };
		4D762C262046EB3A0021D01C /* RegistrationCellType.swift in Sources */ = {isa = PBXBuildFile; fileRef = 4D762C252046EB3A0021D01C /* RegistrationCellType.swift */; };
		4D762C292046EBDC0021D01C /* RegistrationTextFieldType.swift in Sources */ = {isa = PBXBuildFile; fileRef = 4D762C282046EBDC0021D01C /* RegistrationTextFieldType.swift */; };
		4D762C2B2046ECD40021D01C /* RegistrationTextFieldModel.swift in Sources */ = {isa = PBXBuildFile; fileRef = 4D762C2A2046ECD40021D01C /* RegistrationTextFieldModel.swift */; };
		4D762C2D2046F6500021D01C /* RegistrationPickerModel.swift in Sources */ = {isa = PBXBuildFile; fileRef = 4D762C2C2046F6500021D01C /* RegistrationPickerModel.swift */; };
		4D762C2F2046F6AD0021D01C /* RegistrationSwitchModel.swift in Sources */ = {isa = PBXBuildFile; fileRef = 4D762C2E2046F6AD0021D01C /* RegistrationSwitchModel.swift */; };
		4D7650172047056000E5EA2F /* PickerCell.swift in Sources */ = {isa = PBXBuildFile; fileRef = 4D7650162047056000E5EA2F /* PickerCell.swift */; };
		4D765019204709F400E5EA2F /* SwitchCell.swift in Sources */ = {isa = PBXBuildFile; fileRef = 4D765018204709F400E5EA2F /* SwitchCell.swift */; };
		4D7D93EF203B1AC80044FFCF /* CustomerCell.swift in Sources */ = {isa = PBXBuildFile; fileRef = 4D7D93EE203B1AC80044FFCF /* CustomerCell.swift */; };
		4DC33B4C203E097B0045E885 /* PersistenceService.swift in Sources */ = {isa = PBXBuildFile; fileRef = 4DC33B4B203E097B0045E885 /* PersistenceService.swift */; };
		4DC33B4F203E0A4A0045E885 /* User+CoreDataClass.swift in Sources */ = {isa = PBXBuildFile; fileRef = 4DC33B4D203E0A4A0045E885 /* User+CoreDataClass.swift */; };
		4DC33B50203E0A4A0045E885 /* User+CoreDataProperties.swift in Sources */ = {isa = PBXBuildFile; fileRef = 4DC33B4E203E0A4A0045E885 /* User+CoreDataProperties.swift */; };
		4DC8ABB32044BF52003244E5 /* HeadlineTests.swift in Sources */ = {isa = PBXBuildFile; fileRef = 4DC8ABB22044BF52003244E5 /* HeadlineTests.swift */; };
		4DC8ABBA2044BF61003244E5 /* Nimble.framework in Frameworks */ = {isa = PBXBuildFile; fileRef = 49EDB1FE2036231C00F44319 /* Nimble.framework */; };
		4DC8ABBB2044BF61003244E5 /* Quick.framework in Frameworks */ = {isa = PBXBuildFile; fileRef = 49EDB1FD2036231C00F44319 /* Quick.framework */; };
		4DC8ABBD2044BF6B003244E5 /* Quick.framework in CopyFiles */ = {isa = PBXBuildFile; fileRef = 49EDB1FD2036231C00F44319 /* Quick.framework */; settings = {ATTRIBUTES = (CodeSignOnCopy, RemoveHeadersOnCopy, ); }; };
		4DC8ABBE2044BF6E003244E5 /* Nimble.framework in CopyFiles */ = {isa = PBXBuildFile; fileRef = 49EDB1FE2036231C00F44319 /* Nimble.framework */; settings = {ATTRIBUTES = (CodeSignOnCopy, RemoveHeadersOnCopy, ); }; };
		4DC8ABC12045CF84003244E5 /* RegistrationViewModel.swift in Sources */ = {isa = PBXBuildFile; fileRef = 4DC8ABC02045CF84003244E5 /* RegistrationViewModel.swift */; };
		4DC8ABC92045D556003244E5 /* RegistrationTests.swift in Sources */ = {isa = PBXBuildFile; fileRef = 4DC8ABC82045D556003244E5 /* RegistrationTests.swift */; };
		4DC8ABD02045D570003244E5 /* Nimble.framework in Frameworks */ = {isa = PBXBuildFile; fileRef = 49EDB1FE2036231C00F44319 /* Nimble.framework */; };
		4DC8ABD12045D570003244E5 /* Quick.framework in Frameworks */ = {isa = PBXBuildFile; fileRef = 49EDB1FD2036231C00F44319 /* Quick.framework */; };
		4DC8ABD32045D57B003244E5 /* Quick.framework in CopyFiles */ = {isa = PBXBuildFile; fileRef = 49EDB1FD2036231C00F44319 /* Quick.framework */; settings = {ATTRIBUTES = (CodeSignOnCopy, RemoveHeadersOnCopy, ); }; };
		4DC8ABD42045D580003244E5 /* Nimble.framework in CopyFiles */ = {isa = PBXBuildFile; fileRef = 49EDB1FE2036231C00F44319 /* Nimble.framework */; settings = {ATTRIBUTES = (CodeSignOnCopy, RemoveHeadersOnCopy, ); }; };
		4DC8ABD6204601AD003244E5 /* TextFieldCell.swift in Sources */ = {isa = PBXBuildFile; fileRef = 4DC8ABD5204601AD003244E5 /* TextFieldCell.swift */; };
		4DFD3208203B394400096BA8 /* InMemoryContacts.swift in Sources */ = {isa = PBXBuildFile; fileRef = 4DFD3207203B394400096BA8 /* InMemoryContacts.swift */; };
		4DFF3238203B3BCC00C6C561 /* CustomerListViewModel.swift in Sources */ = {isa = PBXBuildFile; fileRef = 4DFF3237203B3BCC00C6C561 /* CustomerListViewModel.swift */; };
		4DFF323A203B5DDF00C6C561 /* CustomerListState.swift in Sources */ = {isa = PBXBuildFile; fileRef = 4DFF3239203B5DDF00C6C561 /* CustomerListState.swift */; };
		4DFF323D203B711F00C6C561 /* RegisterViewController.swift in Sources */ = {isa = PBXBuildFile; fileRef = 4DFF323C203B711F00C6C561 /* RegisterViewController.swift */; };
/* End PBXBuildFile section */

/* Begin PBXContainerItemProxy section */
		4D6EF1D0203C97DF0073C1C2 /* PBXContainerItemProxy */ = {
			isa = PBXContainerItemProxy;
			containerPortal = 49CF813F20347FB20017E1FA /* Project object */;
			proxyType = 1;
			remoteGlobalIDString = 49CF814620347FB20017E1FA;
			remoteInfo = CustomerRegistration;
		};
		4D71E3DB2044A54B00C51054 /* PBXContainerItemProxy */ = {
			isa = PBXContainerItemProxy;
			containerPortal = 49CF813F20347FB20017E1FA /* Project object */;
			proxyType = 1;
			remoteGlobalIDString = 49CF814620347FB20017E1FA;
			remoteInfo = CustomerRegistration;
		};
		4D71E3F02044AFBF00C51054 /* PBXContainerItemProxy */ = {
			isa = PBXContainerItemProxy;
			containerPortal = 49CF813F20347FB20017E1FA /* Project object */;
			proxyType = 1;
			remoteGlobalIDString = 49CF814620347FB20017E1FA;
			remoteInfo = CustomerRegistration;
		};
		4D71E3FE2044AFD600C51054 /* PBXContainerItemProxy */ = {
			isa = PBXContainerItemProxy;
			containerPortal = 49CF813F20347FB20017E1FA /* Project object */;
			proxyType = 1;
			remoteGlobalIDString = 49CF814620347FB20017E1FA;
			remoteInfo = CustomerRegistration;
		};
		4D71E40C2044AFE500C51054 /* PBXContainerItemProxy */ = {
			isa = PBXContainerItemProxy;
			containerPortal = 49CF813F20347FB20017E1FA /* Project object */;
			proxyType = 1;
			remoteGlobalIDString = 49CF814620347FB20017E1FA;
			remoteInfo = CustomerRegistration;
		};
		4D71E41A2044AFF300C51054 /* PBXContainerItemProxy */ = {
			isa = PBXContainerItemProxy;
			containerPortal = 49CF813F20347FB20017E1FA /* Project object */;
			proxyType = 1;
			remoteGlobalIDString = 49CF814620347FB20017E1FA;
			remoteInfo = CustomerRegistration;
		};
		4DC8ABB52044BF52003244E5 /* PBXContainerItemProxy */ = {
			isa = PBXContainerItemProxy;
			containerPortal = 49CF813F20347FB20017E1FA /* Project object */;
			proxyType = 1;
			remoteGlobalIDString = 49CF814620347FB20017E1FA;
			remoteInfo = CustomerRegistration;
		};
		4DC8ABCB2045D556003244E5 /* PBXContainerItemProxy */ = {
			isa = PBXContainerItemProxy;
			containerPortal = 49CF813F20347FB20017E1FA /* Project object */;
			proxyType = 1;
			remoteGlobalIDString = 49CF814620347FB20017E1FA;
			remoteInfo = CustomerRegistration;
		};
/* End PBXContainerItemProxy section */

/* Begin PBXCopyFilesBuildPhase section */
		4D6EF1D8203C99E90073C1C2 /* CopyFiles */ = {
			isa = PBXCopyFilesBuildPhase;
			buildActionMask = 2147483647;
			dstPath = "";
			dstSubfolderSpec = 10;
			files = (
				4D6EF1DA203C99F90073C1C2 /* Quick.framework in CopyFiles */,
				4D6EF1D9203C99F20073C1C2 /* Nimble.framework in CopyFiles */,
			);
			runOnlyForDeploymentPostprocessing = 0;
		};
		4D71E3E22044A5ED00C51054 /* CopyFiles */ = {
			isa = PBXCopyFilesBuildPhase;
			buildActionMask = 2147483647;
			dstPath = "";
			dstSubfolderSpec = 10;
			files = (
				4D71E3E42044A60400C51054 /* Quick.framework in CopyFiles */,
				4D71E3E32044A5FF00C51054 /* Nimble.framework in CopyFiles */,
			);
			runOnlyForDeploymentPostprocessing = 0;
		};
		4D71E4212044AFFE00C51054 /* CopyFiles */ = {
			isa = PBXCopyFilesBuildPhase;
			buildActionMask = 2147483647;
			dstPath = "";
			dstSubfolderSpec = 10;
			files = (
				4D71E4232044B00D00C51054 /* Quick.framework in CopyFiles */,
				4D71E4222044B00800C51054 /* Nimble.framework in CopyFiles */,
			);
			runOnlyForDeploymentPostprocessing = 0;
		};
		4D71E4262044B01300C51054 /* CopyFiles */ = {
			isa = PBXCopyFilesBuildPhase;
			buildActionMask = 2147483647;
			dstPath = "";
			dstSubfolderSpec = 10;
			files = (
				4D71E4282044B02600C51054 /* Quick.framework in CopyFiles */,
				4D71E4272044B02200C51054 /* Nimble.framework in CopyFiles */,
			);
			runOnlyForDeploymentPostprocessing = 0;
		};
		4D71E42B2044B02B00C51054 /* CopyFiles */ = {
			isa = PBXCopyFilesBuildPhase;
			buildActionMask = 2147483647;
			dstPath = "";
			dstSubfolderSpec = 10;
			files = (
				4D71E42D2044B03700C51054 /* Quick.framework in CopyFiles */,
				4D71E42C2044B03200C51054 /* Nimble.framework in CopyFiles */,
			);
			runOnlyForDeploymentPostprocessing = 0;
		};
		4D71E4302044B03E00C51054 /* CopyFiles */ = {
			isa = PBXCopyFilesBuildPhase;
			buildActionMask = 2147483647;
			dstPath = "";
			dstSubfolderSpec = 10;
			files = (
				4D71E4322044B04E00C51054 /* Quick.framework in CopyFiles */,
				4D71E4312044B04A00C51054 /* Nimble.framework in CopyFiles */,
			);
			runOnlyForDeploymentPostprocessing = 0;
		};
		4DC8ABBC2044BF63003244E5 /* CopyFiles */ = {
			isa = PBXCopyFilesBuildPhase;
			buildActionMask = 2147483647;
			dstPath = "";
			dstSubfolderSpec = 10;
			files = (
				4DC8ABBE2044BF6E003244E5 /* Nimble.framework in CopyFiles */,
				4DC8ABBD2044BF6B003244E5 /* Quick.framework in CopyFiles */,
			);
			runOnlyForDeploymentPostprocessing = 0;
		};
		4DC8ABD22045D572003244E5 /* CopyFiles */ = {
			isa = PBXCopyFilesBuildPhase;
			buildActionMask = 2147483647;
			dstPath = "";
			dstSubfolderSpec = 10;
			files = (
				4DC8ABD42045D580003244E5 /* Nimble.framework in CopyFiles */,
				4DC8ABD32045D57B003244E5 /* Quick.framework in CopyFiles */,
			);
			runOnlyForDeploymentPostprocessing = 0;
		};
/* End PBXCopyFilesBuildPhase section */

/* Begin PBXFileReference section */
		49423E7820348323009C3599 /* Customer.swift */ = {isa = PBXFileReference; lastKnownFileType = sourcecode.swift; path = Customer.swift; sourceTree = "<group>"; };
		49CF814720347FB20017E1FA /* CustomerRegistration.app */ = {isa = PBXFileReference; explicitFileType = wrapper.application; includeInIndex = 0; path = CustomerRegistration.app; sourceTree = BUILT_PRODUCTS_DIR; };
		49CF814A20347FB20017E1FA /* AppDelegate.swift */ = {isa = PBXFileReference; lastKnownFileType = sourcecode.swift; path = AppDelegate.swift; sourceTree = "<group>"; };
		49CF814F20347FB20017E1FA /* Base */ = {isa = PBXFileReference; lastKnownFileType = file.storyboard; name = Base; path = Base.lproj/Main.storyboard; sourceTree = "<group>"; };
		49CF815120347FB20017E1FA /* Assets.xcassets */ = {isa = PBXFileReference; lastKnownFileType = folder.assetcatalog; path = Assets.xcassets; sourceTree = "<group>"; };
		49CF815420347FB20017E1FA /* Base */ = {isa = PBXFileReference; lastKnownFileType = file.storyboard; name = Base; path = Base.lproj/LaunchScreen.storyboard; sourceTree = "<group>"; };
		49CF815620347FB20017E1FA /* Info.plist */ = {isa = PBXFileReference; lastKnownFileType = text.plist.xml; path = Info.plist; sourceTree = "<group>"; };
		49EDB1FD2036231C00F44319 /* Quick.framework */ = {isa = PBXFileReference; lastKnownFileType = wrapper.framework; name = Quick.framework; path = Carthage/Build/iOS/Quick.framework; sourceTree = "<group>"; };
		49EDB1FE2036231C00F44319 /* Nimble.framework */ = {isa = PBXFileReference; lastKnownFileType = wrapper.framework; name = Nimble.framework; path = Carthage/Build/iOS/Nimble.framework; sourceTree = "<group>"; };
		4D2AC13C2040C0F400F5F330 /* UserTranslater.swift */ = {isa = PBXFileReference; lastKnownFileType = sourcecode.swift; path = UserTranslater.swift; sourceTree = "<group>"; };
		4D2AC13E2040C10E00F5F330 /* CoreDataFetcher.swift */ = {isa = PBXFileReference; lastKnownFileType = sourcecode.swift; path = CoreDataFetcher.swift; sourceTree = "<group>"; };
		4D2CCC56203DC1ED00802D31 /* RetrieveContacts.swift */ = {isa = PBXFileReference; lastKnownFileType = sourcecode.swift; path = RetrieveContacts.swift; sourceTree = "<group>"; };
		4D2CCC58203DD7CB00802D31 /* DataBaseContacts.swift */ = {isa = PBXFileReference; lastKnownFileType = sourcecode.swift; path = DataBaseContacts.swift; sourceTree = "<group>"; };
		4D2CCCB8203DDE0B00802D31 /* myMainProject.xcdatamodel */ = {isa = PBXFileReference; lastKnownFileType = wrapper.xcdatamodel; path = myMainProject.xcdatamodel; sourceTree = "<group>"; };
		4D3EDEF1203B1853003E9ABC /* CustomerListViewController.swift */ = {isa = PBXFileReference; lastKnownFileType = sourcecode.swift; path = CustomerListViewController.swift; sourceTree = "<group>"; };
		4D6EF1CB203C97DF0073C1C2 /* CustomerTests.xctest */ = {isa = PBXFileReference; explicitFileType = wrapper.cfbundle; includeInIndex = 0; path = CustomerTests.xctest; sourceTree = BUILT_PRODUCTS_DIR; };
		4D6EF1CD203C97DF0073C1C2 /* CustomerTests.swift */ = {isa = PBXFileReference; lastKnownFileType = sourcecode.swift; path = CustomerTests.swift; sourceTree = "<group>"; };
		4D6EF1CF203C97DF0073C1C2 /* Info.plist */ = {isa = PBXFileReference; lastKnownFileType = text.plist.xml; path = Info.plist; sourceTree = "<group>"; };
		4D71E3C82044929000C51054 /* NameValidator.swift */ = {isa = PBXFileReference; lastKnownFileType = sourcecode.swift; path = NameValidator.swift; sourceTree = "<group>"; };
		4D71E3CA204492A600C51054 /* EmailValidator.swift */ = {isa = PBXFileReference; lastKnownFileType = sourcecode.swift; path = EmailValidator.swift; sourceTree = "<group>"; };
		4D71E3CC204492BE00C51054 /* PhoneValidator.swift */ = {isa = PBXFileReference; lastKnownFileType = sourcecode.swift; path = PhoneValidator.swift; sourceTree = "<group>"; };
		4D71E3D02044A44500C51054 /* CompanyNameValidator.swift */ = {isa = PBXFileReference; lastKnownFileType = sourcecode.swift; path = CompanyNameValidator.swift; sourceTree = "<group>"; };
		4D71E3D62044A54B00C51054 /* NameValidatorTests.xctest */ = {isa = PBXFileReference; explicitFileType = wrapper.cfbundle; includeInIndex = 0; path = NameValidatorTests.xctest; sourceTree = BUILT_PRODUCTS_DIR; };
		4D71E3D82044A54B00C51054 /* NameValidatorTests.swift */ = {isa = PBXFileReference; lastKnownFileType = sourcecode.swift; path = NameValidatorTests.swift; sourceTree = "<group>"; };
		4D71E3DA2044A54B00C51054 /* Info.plist */ = {isa = PBXFileReference; lastKnownFileType = text.plist.xml; path = Info.plist; sourceTree = "<group>"; };
		4D71E3E52044A8CE00C51054 /* CNPJValidator.swift */ = {isa = PBXFileReference; lastKnownFileType = sourcecode.swift; path = CNPJValidator.swift; sourceTree = "<group>"; };
		4D71E3EB2044AFBF00C51054 /* EmailValidatorTests.xctest */ = {isa = PBXFileReference; explicitFileType = wrapper.cfbundle; includeInIndex = 0; path = EmailValidatorTests.xctest; sourceTree = BUILT_PRODUCTS_DIR; };
		4D71E3ED2044AFBF00C51054 /* EmailValidatorTests.swift */ = {isa = PBXFileReference; lastKnownFileType = sourcecode.swift; path = EmailValidatorTests.swift; sourceTree = "<group>"; };
		4D71E3EF2044AFBF00C51054 /* Info.plist */ = {isa = PBXFileReference; lastKnownFileType = text.plist.xml; path = Info.plist; sourceTree = "<group>"; };
		4D71E3F92044AFD600C51054 /* PhoneValidatorTests.xctest */ = {isa = PBXFileReference; explicitFileType = wrapper.cfbundle; includeInIndex = 0; path = PhoneValidatorTests.xctest; sourceTree = BUILT_PRODUCTS_DIR; };
		4D71E3FB2044AFD600C51054 /* PhoneValidatorTests.swift */ = {isa = PBXFileReference; lastKnownFileType = sourcecode.swift; path = PhoneValidatorTests.swift; sourceTree = "<group>"; };
		4D71E3FD2044AFD600C51054 /* Info.plist */ = {isa = PBXFileReference; lastKnownFileType = text.plist.xml; path = Info.plist; sourceTree = "<group>"; };
		4D71E4072044AFE400C51054 /* CompanyNameValidatorTests.xctest */ = {isa = PBXFileReference; explicitFileType = wrapper.cfbundle; includeInIndex = 0; path = CompanyNameValidatorTests.xctest; sourceTree = BUILT_PRODUCTS_DIR; };
		4D71E4092044AFE500C51054 /* CompanyNameValidatorTests.swift */ = {isa = PBXFileReference; lastKnownFileType = sourcecode.swift; path = CompanyNameValidatorTests.swift; sourceTree = "<group>"; };
		4D71E40B2044AFE500C51054 /* Info.plist */ = {isa = PBXFileReference; lastKnownFileType = text.plist.xml; path = Info.plist; sourceTree = "<group>"; };
		4D71E4152044AFF300C51054 /* CNPJValidatorTests.xctest */ = {isa = PBXFileReference; explicitFileType = wrapper.cfbundle; includeInIndex = 0; path = CNPJValidatorTests.xctest; sourceTree = BUILT_PRODUCTS_DIR; };
		4D71E4172044AFF300C51054 /* CNPJValidatorTests.swift */ = {isa = PBXFileReference; lastKnownFileType = sourcecode.swift; path = CNPJValidatorTests.swift; sourceTree = "<group>"; };
		4D71E4192044AFF300C51054 /* Info.plist */ = {isa = PBXFileReference; lastKnownFileType = text.plist.xml; path = Info.plist; sourceTree = "<group>"; };
		4D71E4352044B9CF00C51054 /* RetrieveHeadlines.swift */ = {isa = PBXFileReference; lastKnownFileType = sourcecode.swift; path = RetrieveHeadlines.swift; sourceTree = "<group>"; };
		4D71E4372044BA0300C51054 /* InMemoryHeadlines.swift */ = {isa = PBXFileReference; lastKnownFileType = sourcecode.swift; path = InMemoryHeadlines.swift; sourceTree = "<group>"; };
		4D762C232046EB140021D01C /* RegistrationCellProtocol.swift */ = {isa = PBXFileReference; lastKnownFileType = sourcecode.swift; path = RegistrationCellProtocol.swift; sourceTree = "<group>"; };
		4D762C252046EB3A0021D01C /* RegistrationCellType.swift */ = {isa = PBXFileReference; lastKnownFileType = sourcecode.swift; path = RegistrationCellType.swift; sourceTree = "<group>"; };
		4D762C282046EBDC0021D01C /* RegistrationTextFieldType.swift */ = {isa = PBXFileReference; lastKnownFileType = sourcecode.swift; path = RegistrationTextFieldType.swift; sourceTree = "<group>"; };
		4D762C2A2046ECD40021D01C /* RegistrationTextFieldModel.swift */ = {isa = PBXFileReference; lastKnownFileType = sourcecode.swift; path = RegistrationTextFieldModel.swift; sourceTree = "<group>"; };
		4D762C2C2046F6500021D01C /* RegistrationPickerModel.swift */ = {isa = PBXFileReference; lastKnownFileType = sourcecode.swift; path = RegistrationPickerModel.swift; sourceTree = "<group>"; };
		4D762C2E2046F6AD0021D01C /* RegistrationSwitchModel.swift */ = {isa = PBXFileReference; lastKnownFileType = sourcecode.swift; path = RegistrationSwitchModel.swift; sourceTree = "<group>"; };
		4D7650162047056000E5EA2F /* PickerCell.swift */ = {isa = PBXFileReference; lastKnownFileType = sourcecode.swift; path = PickerCell.swift; sourceTree = "<group>"; };
		4D765018204709F400E5EA2F /* SwitchCell.swift */ = {isa = PBXFileReference; lastKnownFileType = sourcecode.swift; path = SwitchCell.swift; sourceTree = "<group>"; };
		4D7D93EE203B1AC80044FFCF /* CustomerCell.swift */ = {isa = PBXFileReference; lastKnownFileType = sourcecode.swift; path = CustomerCell.swift; sourceTree = "<group>"; };
		4DC33B4B203E097B0045E885 /* PersistenceService.swift */ = {isa = PBXFileReference; lastKnownFileType = sourcecode.swift; path = PersistenceService.swift; sourceTree = "<group>"; };
		4DC33B4D203E0A4A0045E885 /* User+CoreDataClass.swift */ = {isa = PBXFileReference; lastKnownFileType = sourcecode.swift; path = "User+CoreDataClass.swift"; sourceTree = "<group>"; };
		4DC33B4E203E0A4A0045E885 /* User+CoreDataProperties.swift */ = {isa = PBXFileReference; lastKnownFileType = sourcecode.swift; path = "User+CoreDataProperties.swift"; sourceTree = "<group>"; };
		4DC8ABB02044BF52003244E5 /* HeadlineTests.xctest */ = {isa = PBXFileReference; explicitFileType = wrapper.cfbundle; includeInIndex = 0; path = HeadlineTests.xctest; sourceTree = BUILT_PRODUCTS_DIR; };
		4DC8ABB22044BF52003244E5 /* HeadlineTests.swift */ = {isa = PBXFileReference; lastKnownFileType = sourcecode.swift; path = HeadlineTests.swift; sourceTree = "<group>"; };
		4DC8ABB42044BF52003244E5 /* Info.plist */ = {isa = PBXFileReference; lastKnownFileType = text.plist.xml; path = Info.plist; sourceTree = "<group>"; };
		4DC8ABC02045CF84003244E5 /* RegistrationViewModel.swift */ = {isa = PBXFileReference; lastKnownFileType = sourcecode.swift; path = RegistrationViewModel.swift; sourceTree = "<group>"; };
		4DC8ABC62045D556003244E5 /* RegistrationTests.xctest */ = {isa = PBXFileReference; explicitFileType = wrapper.cfbundle; includeInIndex = 0; path = RegistrationTests.xctest; sourceTree = BUILT_PRODUCTS_DIR; };
		4DC8ABC82045D556003244E5 /* RegistrationTests.swift */ = {isa = PBXFileReference; lastKnownFileType = sourcecode.swift; path = RegistrationTests.swift; sourceTree = "<group>"; };
		4DC8ABCA2045D556003244E5 /* Info.plist */ = {isa = PBXFileReference; lastKnownFileType = text.plist.xml; path = Info.plist; sourceTree = "<group>"; };
		4DC8ABD5204601AD003244E5 /* TextFieldCell.swift */ = {isa = PBXFileReference; lastKnownFileType = sourcecode.swift; path = TextFieldCell.swift; sourceTree = "<group>"; };
		4DFD3207203B394400096BA8 /* InMemoryContacts.swift */ = {isa = PBXFileReference; lastKnownFileType = sourcecode.swift; path = InMemoryContacts.swift; sourceTree = "<group>"; };
		4DFF3237203B3BCC00C6C561 /* CustomerListViewModel.swift */ = {isa = PBXFileReference; lastKnownFileType = sourcecode.swift; path = CustomerListViewModel.swift; sourceTree = "<group>"; };
		4DFF3239203B5DDF00C6C561 /* CustomerListState.swift */ = {isa = PBXFileReference; lastKnownFileType = sourcecode.swift; path = CustomerListState.swift; sourceTree = "<group>"; };
		4DFF323C203B711F00C6C561 /* RegisterViewController.swift */ = {isa = PBXFileReference; lastKnownFileType = sourcecode.swift; path = RegisterViewController.swift; sourceTree = "<group>"; };
/* End PBXFileReference section */

/* Begin PBXFrameworksBuildPhase section */
		49CF814420347FB20017E1FA /* Frameworks */ = {
			isa = PBXFrameworksBuildPhase;
			buildActionMask = 2147483647;
			files = (
			);
			runOnlyForDeploymentPostprocessing = 0;
		};
		4D6EF1C8203C97DF0073C1C2 /* Frameworks */ = {
			isa = PBXFrameworksBuildPhase;
			buildActionMask = 2147483647;
			files = (
				4D6EF1D5203C99AC0073C1C2 /* Nimble.framework in Frameworks */,
				4D6EF1D6203C99AF0073C1C2 /* Quick.framework in Frameworks */,
			);
			runOnlyForDeploymentPostprocessing = 0;
		};
		4D71E3D32044A54B00C51054 /* Frameworks */ = {
			isa = PBXFrameworksBuildPhase;
			buildActionMask = 2147483647;
			files = (
				4D71E3E02044A5E600C51054 /* Nimble.framework in Frameworks */,
				4D71E3E12044A5E800C51054 /* Quick.framework in Frameworks */,
			);
			runOnlyForDeploymentPostprocessing = 0;
		};
		4D71E3E82044AFBF00C51054 /* Frameworks */ = {
			isa = PBXFrameworksBuildPhase;
			buildActionMask = 2147483647;
			files = (
				4D71E41F2044AFFC00C51054 /* Nimble.framework in Frameworks */,
				4D71E4202044AFFC00C51054 /* Quick.framework in Frameworks */,
			);
			runOnlyForDeploymentPostprocessing = 0;
		};
		4D71E3F62044AFD600C51054 /* Frameworks */ = {
			isa = PBXFrameworksBuildPhase;
			buildActionMask = 2147483647;
			files = (
				4D71E4242044B01000C51054 /* Nimble.framework in Frameworks */,
				4D71E4252044B01000C51054 /* Quick.framework in Frameworks */,
			);
			runOnlyForDeploymentPostprocessing = 0;
		};
		4D71E4042044AFE400C51054 /* Frameworks */ = {
			isa = PBXFrameworksBuildPhase;
			buildActionMask = 2147483647;
			files = (
				4D71E4292044B02800C51054 /* Nimble.framework in Frameworks */,
				4D71E42A2044B02800C51054 /* Quick.framework in Frameworks */,
			);
			runOnlyForDeploymentPostprocessing = 0;
		};
		4D71E4122044AFF300C51054 /* Frameworks */ = {
			isa = PBXFrameworksBuildPhase;
			buildActionMask = 2147483647;
			files = (
				4D71E42E2044B03A00C51054 /* Nimble.framework in Frameworks */,
				4D71E42F2044B03A00C51054 /* Quick.framework in Frameworks */,
			);
			runOnlyForDeploymentPostprocessing = 0;
		};
		4DC8ABAD2044BF52003244E5 /* Frameworks */ = {
			isa = PBXFrameworksBuildPhase;
			buildActionMask = 2147483647;
			files = (
				4DC8ABBA2044BF61003244E5 /* Nimble.framework in Frameworks */,
				4DC8ABBB2044BF61003244E5 /* Quick.framework in Frameworks */,
			);
			runOnlyForDeploymentPostprocessing = 0;
		};
		4DC8ABC32045D556003244E5 /* Frameworks */ = {
			isa = PBXFrameworksBuildPhase;
			buildActionMask = 2147483647;
			files = (
				4DC8ABD02045D570003244E5 /* Nimble.framework in Frameworks */,
				4DC8ABD12045D570003244E5 /* Quick.framework in Frameworks */,
			);
			runOnlyForDeploymentPostprocessing = 0;
		};
/* End PBXFrameworksBuildPhase section */

/* Begin PBXGroup section */
		49423E76203482FA009C3599 /* Customer */ = {
			isa = PBXGroup;
			children = (
				49423E7720348315009C3599 /* Model */,
				4D3EDEF0203B183F003E9ABC /* View */,
				49423E7B203490D5009C3599 /* View Model */,
			);
			path = Customer;
			sourceTree = "<group>";
		};
		49423E7720348315009C3599 /* Model */ = {
			isa = PBXGroup;
			children = (
				49423E7820348323009C3599 /* Customer.swift */,
				4DC33B4A203E09470045E885 /* Core Data */,
				4DFD3207203B394400096BA8 /* InMemoryContacts.swift */,
				4D2CCC58203DD7CB00802D31 /* DataBaseContacts.swift */,
				4D2CCC56203DC1ED00802D31 /* RetrieveContacts.swift */,
				4DFF3239203B5DDF00C6C561 /* CustomerListState.swift */,
			);
			path = Model;
			sourceTree = "<group>";
		};
		49423E7B203490D5009C3599 /* View Model */ = {
			isa = PBXGroup;
			children = (
				4DFF3237203B3BCC00C6C561 /* CustomerListViewModel.swift */,
			);
			path = "View Model";
			sourceTree = "<group>";
		};
		49CF813E20347FB20017E1FA = {
			isa = PBXGroup;
			children = (
				49CF814920347FB20017E1FA /* CustomerRegistration */,
				4D6EF1CC203C97DF0073C1C2 /* CustomerTests */,
				4D71E3D72044A54B00C51054 /* NameValidatorTests */,
				4D71E3EC2044AFBF00C51054 /* EmailValidatorTests */,
				4D71E3FA2044AFD600C51054 /* PhoneValidatorTests */,
				4D71E4082044AFE500C51054 /* CompanyNameValidatorTests */,
				4D71E4162044AFF300C51054 /* CNPJValidatorTests */,
				4DC8ABB12044BF52003244E5 /* HeadlineTests */,
				4DC8ABC72045D556003244E5 /* RegistrationTests */,
				49CF814820347FB20017E1FA /* Products */,
				49EDB1FC2036231B00F44319 /* Frameworks */,
			);
			sourceTree = "<group>";
		};
		49CF814820347FB20017E1FA /* Products */ = {
			isa = PBXGroup;
			children = (
				49CF814720347FB20017E1FA /* CustomerRegistration.app */,
				4D6EF1CB203C97DF0073C1C2 /* CustomerTests.xctest */,
				4D71E3D62044A54B00C51054 /* NameValidatorTests.xctest */,
				4D71E3EB2044AFBF00C51054 /* EmailValidatorTests.xctest */,
				4D71E3F92044AFD600C51054 /* PhoneValidatorTests.xctest */,
				4D71E4072044AFE400C51054 /* CompanyNameValidatorTests.xctest */,
				4D71E4152044AFF300C51054 /* CNPJValidatorTests.xctest */,
				4DC8ABB02044BF52003244E5 /* HeadlineTests.xctest */,
				4DC8ABC62045D556003244E5 /* RegistrationTests.xctest */,
			);
			name = Products;
			sourceTree = "<group>";
		};
		49CF814920347FB20017E1FA /* CustomerRegistration */ = {
			isa = PBXGroup;
			children = (
				49423E76203482FA009C3599 /* Customer */,
				4D71E3C52044926100C51054 /* Registration */,
				49CF814A20347FB20017E1FA /* AppDelegate.swift */,
				49CF814E20347FB20017E1FA /* Main.storyboard */,
				49CF815120347FB20017E1FA /* Assets.xcassets */,
				49CF815320347FB20017E1FA /* LaunchScreen.storyboard */,
				49CF815620347FB20017E1FA /* Info.plist */,
			);
			path = CustomerRegistration;
			sourceTree = "<group>";
		};
		49EDB1FC2036231B00F44319 /* Frameworks */ = {
			isa = PBXGroup;
			children = (
				49EDB1FE2036231C00F44319 /* Nimble.framework */,
				49EDB1FD2036231C00F44319 /* Quick.framework */,
			);
			name = Frameworks;
			sourceTree = "<group>";
		};
		4D3EDEF0203B183F003E9ABC /* View */ = {
			isa = PBXGroup;
			children = (
				4D7D93EE203B1AC80044FFCF /* CustomerCell.swift */,
				4D3EDEF1203B1853003E9ABC /* CustomerListViewController.swift */,
			);
			path = View;
			sourceTree = "<group>";
		};
		4D6EF1CC203C97DF0073C1C2 /* CustomerTests */ = {
			isa = PBXGroup;
			children = (
				4D6EF1CD203C97DF0073C1C2 /* CustomerTests.swift */,
				4D6EF1CF203C97DF0073C1C2 /* Info.plist */,
			);
			path = CustomerTests;
			sourceTree = "<group>";
		};
		4D71E3C52044926100C51054 /* Registration */ = {
			isa = PBXGroup;
			children = (
				4D71E4332044B98800C51054 /* Model */,
				4D71E3C62044927500C51054 /* Validators */,
				4D71E4342044B99700C51054 /* View */,
				4DC8ABBF2045CEF1003244E5 /* View Model */,
			);
			path = Registration;
			sourceTree = "<group>";
		};
		4D71E3C62044927500C51054 /* Validators */ = {
			isa = PBXGroup;
			children = (
				4D71E3C82044929000C51054 /* NameValidator.swift */,
				4D71E3CA204492A600C51054 /* EmailValidator.swift */,
				4D71E3CC204492BE00C51054 /* PhoneValidator.swift */,
				4D71E3D02044A44500C51054 /* CompanyNameValidator.swift */,
				4D71E3E52044A8CE00C51054 /* CNPJValidator.swift */,
			);
			path = Validators;
			sourceTree = "<group>";
		};
		4D71E3D72044A54B00C51054 /* NameValidatorTests */ = {
			isa = PBXGroup;
			children = (
				4D71E3D82044A54B00C51054 /* NameValidatorTests.swift */,
				4D71E3DA2044A54B00C51054 /* Info.plist */,
			);
			path = NameValidatorTests;
			sourceTree = "<group>";
		};
		4D71E3EC2044AFBF00C51054 /* EmailValidatorTests */ = {
			isa = PBXGroup;
			children = (
				4D71E3ED2044AFBF00C51054 /* EmailValidatorTests.swift */,
				4D71E3EF2044AFBF00C51054 /* Info.plist */,
			);
			path = EmailValidatorTests;
			sourceTree = "<group>";
		};
		4D71E3FA2044AFD600C51054 /* PhoneValidatorTests */ = {
			isa = PBXGroup;
			children = (
				4D71E3FB2044AFD600C51054 /* PhoneValidatorTests.swift */,
				4D71E3FD2044AFD600C51054 /* Info.plist */,
			);
			path = PhoneValidatorTests;
			sourceTree = "<group>";
		};
		4D71E4082044AFE500C51054 /* CompanyNameValidatorTests */ = {
			isa = PBXGroup;
			children = (
				4D71E4092044AFE500C51054 /* CompanyNameValidatorTests.swift */,
				4D71E40B2044AFE500C51054 /* Info.plist */,
			);
			path = CompanyNameValidatorTests;
			sourceTree = "<group>";
		};
		4D71E4162044AFF300C51054 /* CNPJValidatorTests */ = {
			isa = PBXGroup;
			children = (
				4D71E4172044AFF300C51054 /* CNPJValidatorTests.swift */,
				4D71E4192044AFF300C51054 /* Info.plist */,
			);
			path = CNPJValidatorTests;
			sourceTree = "<group>";
		};
		4D71E4332044B98800C51054 /* Model */ = {
			isa = PBXGroup;
			children = (
				4D762C222046EAF70021D01C /* Cells */,
				4D71E43B2044BB2100C51054 /* Headline */,
			);
			path = Model;
			sourceTree = "<group>";
		};
		4D71E4342044B99700C51054 /* View */ = {
			isa = PBXGroup;
			children = (
				4DFF323C203B711F00C6C561 /* RegisterViewController.swift */,
				4D762C21204602380021D01C /* Cells */,
			);
			path = View;
			sourceTree = "<group>";
		};
		4D71E43B2044BB2100C51054 /* Headline */ = {
			isa = PBXGroup;
			children = (
				4D71E4352044B9CF00C51054 /* RetrieveHeadlines.swift */,
				4D71E4372044BA0300C51054 /* InMemoryHeadlines.swift */,
			);
			path = Headline;
			sourceTree = "<group>";
		};
		4D762C21204602380021D01C /* Cells */ = {
			isa = PBXGroup;
			children = (
				4DC8ABD5204601AD003244E5 /* TextFieldCell.swift */,
				4D7650162047056000E5EA2F /* PickerCell.swift */,
				4D765018204709F400E5EA2F /* SwitchCell.swift */,
			);
			path = Cells;
			sourceTree = "<group>";
		};
		4D762C222046EAF70021D01C /* Cells */ = {
			isa = PBXGroup;
			children = (
				4D762C232046EB140021D01C /* RegistrationCellProtocol.swift */,
				4D762C252046EB3A0021D01C /* RegistrationCellType.swift */,
				4D762C272046EBD20021D01C /* Cell Model */,
			);
			path = Cells;
			sourceTree = "<group>";
		};
		4D762C272046EBD20021D01C /* Cell Model */ = {
			isa = PBXGroup;
			children = (
				4D762C282046EBDC0021D01C /* RegistrationTextFieldType.swift */,
				4D762C2A2046ECD40021D01C /* RegistrationTextFieldModel.swift */,
				4D762C2C2046F6500021D01C /* RegistrationPickerModel.swift */,
				4D762C2E2046F6AD0021D01C /* RegistrationSwitchModel.swift */,
			);
			path = "Cell Model";
			sourceTree = "<group>";
		};
		4DC33B4A203E09470045E885 /* Core Data */ = {
			isa = PBXGroup;
			children = (
				4D2AC13C2040C0F400F5F330 /* UserTranslater.swift */,
				4D2AC13E2040C10E00F5F330 /* CoreDataFetcher.swift */,
				4DC33B4D203E0A4A0045E885 /* User+CoreDataClass.swift */,
				4DC33B4E203E0A4A0045E885 /* User+CoreDataProperties.swift */,
				4D2CCCB7203DDE0B00802D31 /* CustomerRegistration.xcdatamodeld */,
				4DC33B4B203E097B0045E885 /* PersistenceService.swift */,
			);
			path = "Core Data";
			sourceTree = "<group>";
		};
		4DC8ABB12044BF52003244E5 /* HeadlineTests */ = {
			isa = PBXGroup;
			children = (
				4DC8ABB22044BF52003244E5 /* HeadlineTests.swift */,
				4DC8ABB42044BF52003244E5 /* Info.plist */,
			);
			path = HeadlineTests;
			sourceTree = "<group>";
		};
		4DC8ABBF2045CEF1003244E5 /* View Model */ = {
			isa = PBXGroup;
			children = (
				4DC8ABC02045CF84003244E5 /* RegistrationViewModel.swift */,
			);
			path = "View Model";
			sourceTree = "<group>";
		};
		4DC8ABC72045D556003244E5 /* RegistrationTests */ = {
			isa = PBXGroup;
			children = (
				4DC8ABC82045D556003244E5 /* RegistrationTests.swift */,
				4DC8ABCA2045D556003244E5 /* Info.plist */,
			);
			path = RegistrationTests;
			sourceTree = "<group>";
		};
/* End PBXGroup section */

/* Begin PBXNativeTarget section */
		49CF814620347FB20017E1FA /* CustomerRegistration */ = {
			isa = PBXNativeTarget;
			buildConfigurationList = 49CF815920347FB20017E1FA /* Build configuration list for PBXNativeTarget "CustomerRegistration" */;
			buildPhases = (
				49CF814320347FB20017E1FA /* Sources */,
				49CF814420347FB20017E1FA /* Frameworks */,
				49CF814520347FB20017E1FA /* Resources */,
				4D6EF1DB203C9C9F0073C1C2 /* Carthage Script */,
			);
			buildRules = (
			);
			dependencies = (
			);
			name = CustomerRegistration;
			productName = CustomerRegistration;
			productReference = 49CF814720347FB20017E1FA /* CustomerRegistration.app */;
			productType = "com.apple.product-type.application";
		};
		4D6EF1CA203C97DF0073C1C2 /* CustomerTests */ = {
			isa = PBXNativeTarget;
			buildConfigurationList = 4D6EF1D2203C97DF0073C1C2 /* Build configuration list for PBXNativeTarget "CustomerTests" */;
			buildPhases = (
				4D6EF1C7203C97DF0073C1C2 /* Sources */,
				4D6EF1C8203C97DF0073C1C2 /* Frameworks */,
				4D6EF1C9203C97DF0073C1C2 /* Resources */,
				4D6EF1D8203C99E90073C1C2 /* CopyFiles */,
			);
			buildRules = (
			);
			dependencies = (
				4D6EF1D1203C97DF0073C1C2 /* PBXTargetDependency */,
			);
			name = CustomerTests;
			productName = CustomerTests;
			productReference = 4D6EF1CB203C97DF0073C1C2 /* CustomerTests.xctest */;
			productType = "com.apple.product-type.bundle.unit-test";
		};
		4D71E3D52044A54B00C51054 /* NameValidatorTests */ = {
			isa = PBXNativeTarget;
			buildConfigurationList = 4D71E3DD2044A54B00C51054 /* Build configuration list for PBXNativeTarget "NameValidatorTests" */;
			buildPhases = (
				4D71E3D22044A54B00C51054 /* Sources */,
				4D71E3D32044A54B00C51054 /* Frameworks */,
				4D71E3D42044A54B00C51054 /* Resources */,
				4D71E3E22044A5ED00C51054 /* CopyFiles */,
			);
			buildRules = (
			);
			dependencies = (
				4D71E3DC2044A54B00C51054 /* PBXTargetDependency */,
			);
			name = NameValidatorTests;
			productName = NameValidatorTests;
			productReference = 4D71E3D62044A54B00C51054 /* NameValidatorTests.xctest */;
			productType = "com.apple.product-type.bundle.unit-test";
		};
		4D71E3EA2044AFBF00C51054 /* EmailValidatorTests */ = {
			isa = PBXNativeTarget;
			buildConfigurationList = 4D71E3F22044AFBF00C51054 /* Build configuration list for PBXNativeTarget "EmailValidatorTests" */;
			buildPhases = (
				4D71E3E72044AFBF00C51054 /* Sources */,
				4D71E3E82044AFBF00C51054 /* Frameworks */,
				4D71E3E92044AFBF00C51054 /* Resources */,
				4D71E4212044AFFE00C51054 /* CopyFiles */,
			);
			buildRules = (
			);
			dependencies = (
				4D71E3F12044AFBF00C51054 /* PBXTargetDependency */,
			);
			name = EmailValidatorTests;
			productName = EmailValidatorTests;
			productReference = 4D71E3EB2044AFBF00C51054 /* EmailValidatorTests.xctest */;
			productType = "com.apple.product-type.bundle.unit-test";
		};
		4D71E3F82044AFD600C51054 /* PhoneValidatorTests */ = {
			isa = PBXNativeTarget;
			buildConfigurationList = 4D71E4002044AFD700C51054 /* Build configuration list for PBXNativeTarget "PhoneValidatorTests" */;
			buildPhases = (
				4D71E3F52044AFD600C51054 /* Sources */,
				4D71E3F62044AFD600C51054 /* Frameworks */,
				4D71E3F72044AFD600C51054 /* Resources */,
				4D71E4262044B01300C51054 /* CopyFiles */,
			);
			buildRules = (
			);
			dependencies = (
				4D71E3FF2044AFD600C51054 /* PBXTargetDependency */,
			);
			name = PhoneValidatorTests;
			productName = PhoneValidatorTests;
			productReference = 4D71E3F92044AFD600C51054 /* PhoneValidatorTests.xctest */;
			productType = "com.apple.product-type.bundle.unit-test";
		};
		4D71E4062044AFE400C51054 /* CompanyNameValidatorTests */ = {
			isa = PBXNativeTarget;
			buildConfigurationList = 4D71E40E2044AFE500C51054 /* Build configuration list for PBXNativeTarget "CompanyNameValidatorTests" */;
			buildPhases = (
				4D71E4032044AFE400C51054 /* Sources */,
				4D71E4042044AFE400C51054 /* Frameworks */,
				4D71E4052044AFE400C51054 /* Resources */,
				4D71E42B2044B02B00C51054 /* CopyFiles */,
			);
			buildRules = (
			);
			dependencies = (
				4D71E40D2044AFE500C51054 /* PBXTargetDependency */,
			);
			name = CompanyNameValidatorTests;
			productName = CompanyNameValidatorTests;
			productReference = 4D71E4072044AFE400C51054 /* CompanyNameValidatorTests.xctest */;
			productType = "com.apple.product-type.bundle.unit-test";
		};
		4D71E4142044AFF300C51054 /* CNPJValidatorTests */ = {
			isa = PBXNativeTarget;
			buildConfigurationList = 4D71E41C2044AFF300C51054 /* Build configuration list for PBXNativeTarget "CNPJValidatorTests" */;
			buildPhases = (
				4D71E4112044AFF300C51054 /* Sources */,
				4D71E4122044AFF300C51054 /* Frameworks */,
				4D71E4132044AFF300C51054 /* Resources */,
				4D71E4302044B03E00C51054 /* CopyFiles */,
			);
			buildRules = (
			);
			dependencies = (
				4D71E41B2044AFF300C51054 /* PBXTargetDependency */,
			);
			name = CNPJValidatorTests;
			productName = CNPJValidatorTests;
			productReference = 4D71E4152044AFF300C51054 /* CNPJValidatorTests.xctest */;
			productType = "com.apple.product-type.bundle.unit-test";
		};
		4DC8ABAF2044BF52003244E5 /* HeadlineTests */ = {
			isa = PBXNativeTarget;
			buildConfigurationList = 4DC8ABB92044BF52003244E5 /* Build configuration list for PBXNativeTarget "HeadlineTests" */;
			buildPhases = (
				4DC8ABAC2044BF52003244E5 /* Sources */,
				4DC8ABAD2044BF52003244E5 /* Frameworks */,
				4DC8ABAE2044BF52003244E5 /* Resources */,
				4DC8ABBC2044BF63003244E5 /* CopyFiles */,
			);
			buildRules = (
			);
			dependencies = (
				4DC8ABB62044BF52003244E5 /* PBXTargetDependency */,
			);
			name = HeadlineTests;
			productName = HeadlineTests;
			productReference = 4DC8ABB02044BF52003244E5 /* HeadlineTests.xctest */;
			productType = "com.apple.product-type.bundle.unit-test";
		};
		4DC8ABC52045D556003244E5 /* RegistrationTests */ = {
			isa = PBXNativeTarget;
			buildConfigurationList = 4DC8ABCD2045D556003244E5 /* Build configuration list for PBXNativeTarget "RegistrationTests" */;
			buildPhases = (
				4DC8ABC22045D556003244E5 /* Sources */,
				4DC8ABC32045D556003244E5 /* Frameworks */,
				4DC8ABC42045D556003244E5 /* Resources */,
				4DC8ABD22045D572003244E5 /* CopyFiles */,
			);
			buildRules = (
			);
			dependencies = (
				4DC8ABCC2045D556003244E5 /* PBXTargetDependency */,
			);
			name = RegistrationTests;
			productName = RegistrationTests;
			productReference = 4DC8ABC62045D556003244E5 /* RegistrationTests.xctest */;
			productType = "com.apple.product-type.bundle.unit-test";
		};
/* End PBXNativeTarget section */

/* Begin PBXProject section */
		49CF813F20347FB20017E1FA /* Project object */ = {
			isa = PBXProject;
			attributes = {
				LastSwiftUpdateCheck = 0920;
				LastUpgradeCheck = 0910;
				ORGANIZATIONNAME = "Mariana Meireles";
				TargetAttributes = {
					49CF814620347FB20017E1FA = {
						CreatedOnToolsVersion = 9.1;
						ProvisioningStyle = Automatic;
					};
					4D6EF1CA203C97DF0073C1C2 = {
						CreatedOnToolsVersion = 9.2;
						ProvisioningStyle = Automatic;
						TestTargetID = 49CF814620347FB20017E1FA;
					};
					4D71E3D52044A54B00C51054 = {
						CreatedOnToolsVersion = 9.2;
						ProvisioningStyle = Automatic;
						TestTargetID = 49CF814620347FB20017E1FA;
					};
					4D71E3EA2044AFBF00C51054 = {
						CreatedOnToolsVersion = 9.2;
						ProvisioningStyle = Automatic;
						TestTargetID = 49CF814620347FB20017E1FA;
					};
					4D71E3F82044AFD600C51054 = {
						CreatedOnToolsVersion = 9.2;
						ProvisioningStyle = Automatic;
						TestTargetID = 49CF814620347FB20017E1FA;
					};
					4D71E4062044AFE400C51054 = {
						CreatedOnToolsVersion = 9.2;
						ProvisioningStyle = Automatic;
						TestTargetID = 49CF814620347FB20017E1FA;
					};
					4D71E4142044AFF300C51054 = {
						CreatedOnToolsVersion = 9.2;
						ProvisioningStyle = Automatic;
						TestTargetID = 49CF814620347FB20017E1FA;
					};
					4DC8ABAF2044BF52003244E5 = {
						CreatedOnToolsVersion = 9.2;
						ProvisioningStyle = Automatic;
						TestTargetID = 49CF814620347FB20017E1FA;
					};
					4DC8ABC52045D556003244E5 = {
						CreatedOnToolsVersion = 9.2;
						ProvisioningStyle = Automatic;
						TestTargetID = 49CF814620347FB20017E1FA;
					};
				};
			};
			buildConfigurationList = 49CF814220347FB20017E1FA /* Build configuration list for PBXProject "CustomerRegistration" */;
			compatibilityVersion = "Xcode 8.0";
			developmentRegion = en;
			hasScannedForEncodings = 0;
			knownRegions = (
				en,
				Base,
			);
			mainGroup = 49CF813E20347FB20017E1FA;
			productRefGroup = 49CF814820347FB20017E1FA /* Products */;
			projectDirPath = "";
			projectRoot = "";
			targets = (
				49CF814620347FB20017E1FA /* CustomerRegistration */,
				4D6EF1CA203C97DF0073C1C2 /* CustomerTests */,
				4D71E3D52044A54B00C51054 /* NameValidatorTests */,
				4D71E3EA2044AFBF00C51054 /* EmailValidatorTests */,
				4D71E3F82044AFD600C51054 /* PhoneValidatorTests */,
				4D71E4062044AFE400C51054 /* CompanyNameValidatorTests */,
				4D71E4142044AFF300C51054 /* CNPJValidatorTests */,
				4DC8ABAF2044BF52003244E5 /* HeadlineTests */,
				4DC8ABC52045D556003244E5 /* RegistrationTests */,
			);
		};
/* End PBXProject section */

/* Begin PBXResourcesBuildPhase section */
		49CF814520347FB20017E1FA /* Resources */ = {
			isa = PBXResourcesBuildPhase;
			buildActionMask = 2147483647;
			files = (
				49CF815520347FB20017E1FA /* LaunchScreen.storyboard in Resources */,
				49CF815220347FB20017E1FA /* Assets.xcassets in Resources */,
				49CF815020347FB20017E1FA /* Main.storyboard in Resources */,
			);
			runOnlyForDeploymentPostprocessing = 0;
		};
		4D6EF1C9203C97DF0073C1C2 /* Resources */ = {
			isa = PBXResourcesBuildPhase;
			buildActionMask = 2147483647;
			files = (
			);
			runOnlyForDeploymentPostprocessing = 0;
		};
		4D71E3D42044A54B00C51054 /* Resources */ = {
			isa = PBXResourcesBuildPhase;
			buildActionMask = 2147483647;
			files = (
			);
			runOnlyForDeploymentPostprocessing = 0;
		};
		4D71E3E92044AFBF00C51054 /* Resources */ = {
			isa = PBXResourcesBuildPhase;
			buildActionMask = 2147483647;
			files = (
			);
			runOnlyForDeploymentPostprocessing = 0;
		};
		4D71E3F72044AFD600C51054 /* Resources */ = {
			isa = PBXResourcesBuildPhase;
			buildActionMask = 2147483647;
			files = (
			);
			runOnlyForDeploymentPostprocessing = 0;
		};
		4D71E4052044AFE400C51054 /* Resources */ = {
			isa = PBXResourcesBuildPhase;
			buildActionMask = 2147483647;
			files = (
			);
			runOnlyForDeploymentPostprocessing = 0;
		};
		4D71E4132044AFF300C51054 /* Resources */ = {
			isa = PBXResourcesBuildPhase;
			buildActionMask = 2147483647;
			files = (
			);
			runOnlyForDeploymentPostprocessing = 0;
		};
		4DC8ABAE2044BF52003244E5 /* Resources */ = {
			isa = PBXResourcesBuildPhase;
			buildActionMask = 2147483647;
			files = (
			);
			runOnlyForDeploymentPostprocessing = 0;
		};
		4DC8ABC42045D556003244E5 /* Resources */ = {
			isa = PBXResourcesBuildPhase;
			buildActionMask = 2147483647;
			files = (
			);
			runOnlyForDeploymentPostprocessing = 0;
		};
/* End PBXResourcesBuildPhase section */

/* Begin PBXShellScriptBuildPhase section */
		4D6EF1DB203C9C9F0073C1C2 /* Carthage Script */ = {
			isa = PBXShellScriptBuildPhase;
			buildActionMask = 2147483647;
			files = (
			);
			inputPaths = (
				"$(SRCROOT)/Carthage/Build/iOS/Quick.framework",
				"$(SRCROOT)/Carthage/Build/iOS/Nimble.framework",
			);
			name = "Carthage Script";
			outputPaths = (
			);
			runOnlyForDeploymentPostprocessing = 0;
			shellPath = /bin/sh;
			shellScript = "/usr/local/bin/carthage copy-frameworks";
		};
/* End PBXShellScriptBuildPhase section */

/* Begin PBXSourcesBuildPhase section */
		49CF814320347FB20017E1FA /* Sources */ = {
			isa = PBXSourcesBuildPhase;
			buildActionMask = 2147483647;
			files = (
				49423E7920348323009C3599 /* Customer.swift in Sources */,
				4DC33B4C203E097B0045E885 /* PersistenceService.swift in Sources */,
				4D762C292046EBDC0021D01C /* RegistrationTextFieldType.swift in Sources */,
				4D71E4382044BA0300C51054 /* InMemoryHeadlines.swift in Sources */,
				49CF814B20347FB20017E1FA /* AppDelegate.swift in Sources */,
				4DC33B4F203E0A4A0045E885 /* User+CoreDataClass.swift in Sources */,
				4D71E3E62044A8CE00C51054 /* CNPJValidator.swift in Sources */,
				4D2AC13F2040C10E00F5F330 /* CoreDataFetcher.swift in Sources */,
				4DC8ABD6204601AD003244E5 /* TextFieldCell.swift in Sources */,
				4D7650172047056000E5EA2F /* PickerCell.swift in Sources */,
				4DFD3208203B394400096BA8 /* InMemoryContacts.swift in Sources */,
				4DFF323D203B711F00C6C561 /* RegisterViewController.swift in Sources */,
				4DFF3238203B3BCC00C6C561 /* CustomerListViewModel.swift in Sources */,
				4D2CCC59203DD7CB00802D31 /* DataBaseContacts.swift in Sources */,
				4D765019204709F400E5EA2F /* SwitchCell.swift in Sources */,
				4D762C242046EB140021D01C /* RegistrationCellProtocol.swift in Sources */,
				4D2CCCB9203DDE0B00802D31 /* CustomerRegistration.xcdatamodeld in Sources */,
				4D71E4362044B9CF00C51054 /* RetrieveHeadlines.swift in Sources */,
				4D2CCC57203DC1ED00802D31 /* RetrieveContacts.swift in Sources */,
				4D71E3D12044A44500C51054 /* CompanyNameValidator.swift in Sources */,
				4D71E3CB204492A600C51054 /* EmailValidator.swift in Sources */,
				4D71E3CD204492BE00C51054 /* PhoneValidator.swift in Sources */,
				4DC33B50203E0A4A0045E885 /* User+CoreDataProperties.swift in Sources */,
				4D762C2F2046F6AD0021D01C /* RegistrationSwitchModel.swift in Sources */,
				4DFF323A203B5DDF00C6C561 /* CustomerListState.swift in Sources */,
				4D762C262046EB3A0021D01C /* RegistrationCellType.swift in Sources */,
				4DC8ABC12045CF84003244E5 /* RegistrationViewModel.swift in Sources */,
				4D7D93EF203B1AC80044FFCF /* CustomerCell.swift in Sources */,
				4D3EDEF2203B1853003E9ABC /* CustomerListViewController.swift in Sources */,
				4D2AC13D2040C0F400F5F330 /* UserTranslater.swift in Sources */,
				4D762C2D2046F6500021D01C /* RegistrationPickerModel.swift in Sources */,
				4D762C2B2046ECD40021D01C /* RegistrationTextFieldModel.swift in Sources */,
				4D71E3C92044929000C51054 /* NameValidator.swift in Sources */,
			);
			runOnlyForDeploymentPostprocessing = 0;
		};
		4D6EF1C7203C97DF0073C1C2 /* Sources */ = {
			isa = PBXSourcesBuildPhase;
			buildActionMask = 2147483647;
			files = (
				4D6EF1CE203C97DF0073C1C2 /* CustomerTests.swift in Sources */,
			);
			runOnlyForDeploymentPostprocessing = 0;
		};
		4D71E3D22044A54B00C51054 /* Sources */ = {
			isa = PBXSourcesBuildPhase;
			buildActionMask = 2147483647;
			files = (
				4D71E3D92044A54B00C51054 /* NameValidatorTests.swift in Sources */,
			);
			runOnlyForDeploymentPostprocessing = 0;
		};
		4D71E3E72044AFBF00C51054 /* Sources */ = {
			isa = PBXSourcesBuildPhase;
			buildActionMask = 2147483647;
			files = (
				4D71E3EE2044AFBF00C51054 /* EmailValidatorTests.swift in Sources */,
			);
			runOnlyForDeploymentPostprocessing = 0;
		};
		4D71E3F52044AFD600C51054 /* Sources */ = {
			isa = PBXSourcesBuildPhase;
			buildActionMask = 2147483647;
			files = (
				4D71E3FC2044AFD600C51054 /* PhoneValidatorTests.swift in Sources */,
			);
			runOnlyForDeploymentPostprocessing = 0;
		};
		4D71E4032044AFE400C51054 /* Sources */ = {
			isa = PBXSourcesBuildPhase;
			buildActionMask = 2147483647;
			files = (
				4D71E40A2044AFE500C51054 /* CompanyNameValidatorTests.swift in Sources */,
			);
			runOnlyForDeploymentPostprocessing = 0;
		};
		4D71E4112044AFF300C51054 /* Sources */ = {
			isa = PBXSourcesBuildPhase;
			buildActionMask = 2147483647;
			files = (
				4D71E4182044AFF300C51054 /* CNPJValidatorTests.swift in Sources */,
			);
			runOnlyForDeploymentPostprocessing = 0;
		};
		4DC8ABAC2044BF52003244E5 /* Sources */ = {
			isa = PBXSourcesBuildPhase;
			buildActionMask = 2147483647;
			files = (
				4DC8ABB32044BF52003244E5 /* HeadlineTests.swift in Sources */,
			);
			runOnlyForDeploymentPostprocessing = 0;
		};
		4DC8ABC22045D556003244E5 /* Sources */ = {
			isa = PBXSourcesBuildPhase;
			buildActionMask = 2147483647;
			files = (
				4DC8ABC92045D556003244E5 /* RegistrationTests.swift in Sources */,
			);
			runOnlyForDeploymentPostprocessing = 0;
		};
/* End PBXSourcesBuildPhase section */

/* Begin PBXTargetDependency section */
		4D6EF1D1203C97DF0073C1C2 /* PBXTargetDependency */ = {
			isa = PBXTargetDependency;
			target = 49CF814620347FB20017E1FA /* CustomerRegistration */;
			targetProxy = 4D6EF1D0203C97DF0073C1C2 /* PBXContainerItemProxy */;
		};
		4D71E3DC2044A54B00C51054 /* PBXTargetDependency */ = {
			isa = PBXTargetDependency;
			target = 49CF814620347FB20017E1FA /* CustomerRegistration */;
			targetProxy = 4D71E3DB2044A54B00C51054 /* PBXContainerItemProxy */;
		};
		4D71E3F12044AFBF00C51054 /* PBXTargetDependency */ = {
			isa = PBXTargetDependency;
			target = 49CF814620347FB20017E1FA /* CustomerRegistration */;
			targetProxy = 4D71E3F02044AFBF00C51054 /* PBXContainerItemProxy */;
		};
		4D71E3FF2044AFD600C51054 /* PBXTargetDependency */ = {
			isa = PBXTargetDependency;
			target = 49CF814620347FB20017E1FA /* CustomerRegistration */;
			targetProxy = 4D71E3FE2044AFD600C51054 /* PBXContainerItemProxy */;
		};
		4D71E40D2044AFE500C51054 /* PBXTargetDependency */ = {
			isa = PBXTargetDependency;
			target = 49CF814620347FB20017E1FA /* CustomerRegistration */;
			targetProxy = 4D71E40C2044AFE500C51054 /* PBXContainerItemProxy */;
		};
		4D71E41B2044AFF300C51054 /* PBXTargetDependency */ = {
			isa = PBXTargetDependency;
			target = 49CF814620347FB20017E1FA /* CustomerRegistration */;
			targetProxy = 4D71E41A2044AFF300C51054 /* PBXContainerItemProxy */;
		};
		4DC8ABB62044BF52003244E5 /* PBXTargetDependency */ = {
			isa = PBXTargetDependency;
			target = 49CF814620347FB20017E1FA /* CustomerRegistration */;
			targetProxy = 4DC8ABB52044BF52003244E5 /* PBXContainerItemProxy */;
		};
		4DC8ABCC2045D556003244E5 /* PBXTargetDependency */ = {
			isa = PBXTargetDependency;
			target = 49CF814620347FB20017E1FA /* CustomerRegistration */;
			targetProxy = 4DC8ABCB2045D556003244E5 /* PBXContainerItemProxy */;
		};
/* End PBXTargetDependency section */

/* Begin PBXVariantGroup section */
		49CF814E20347FB20017E1FA /* Main.storyboard */ = {
			isa = PBXVariantGroup;
			children = (
				49CF814F20347FB20017E1FA /* Base */,
			);
			name = Main.storyboard;
			sourceTree = "<group>";
		};
		49CF815320347FB20017E1FA /* LaunchScreen.storyboard */ = {
			isa = PBXVariantGroup;
			children = (
				49CF815420347FB20017E1FA /* Base */,
			);
			name = LaunchScreen.storyboard;
			sourceTree = "<group>";
		};
/* End PBXVariantGroup section */

/* Begin XCBuildConfiguration section */
		49CF815720347FB20017E1FA /* Debug */ = {
			isa = XCBuildConfiguration;
			buildSettings = {
				ALWAYS_SEARCH_USER_PATHS = NO;
				CLANG_ANALYZER_NONNULL = YES;
				CLANG_ANALYZER_NUMBER_OBJECT_CONVERSION = YES_AGGRESSIVE;
				CLANG_CXX_LANGUAGE_STANDARD = "gnu++14";
				CLANG_CXX_LIBRARY = "libc++";
				CLANG_ENABLE_MODULES = YES;
				CLANG_ENABLE_OBJC_ARC = YES;
				CLANG_WARN_BLOCK_CAPTURE_AUTORELEASING = YES;
				CLANG_WARN_BOOL_CONVERSION = YES;
				CLANG_WARN_COMMA = YES;
				CLANG_WARN_CONSTANT_CONVERSION = YES;
				CLANG_WARN_DIRECT_OBJC_ISA_USAGE = YES_ERROR;
				CLANG_WARN_DOCUMENTATION_COMMENTS = YES;
				CLANG_WARN_EMPTY_BODY = YES;
				CLANG_WARN_ENUM_CONVERSION = YES;
				CLANG_WARN_INFINITE_RECURSION = YES;
				CLANG_WARN_INT_CONVERSION = YES;
				CLANG_WARN_NON_LITERAL_NULL_CONVERSION = YES;
				CLANG_WARN_OBJC_LITERAL_CONVERSION = YES;
				CLANG_WARN_OBJC_ROOT_CLASS = YES_ERROR;
				CLANG_WARN_RANGE_LOOP_ANALYSIS = YES;
				CLANG_WARN_STRICT_PROTOTYPES = YES;
				CLANG_WARN_SUSPICIOUS_MOVE = YES;
				CLANG_WARN_UNGUARDED_AVAILABILITY = YES_AGGRESSIVE;
				CLANG_WARN_UNREACHABLE_CODE = YES;
				CLANG_WARN__DUPLICATE_METHOD_MATCH = YES;
				CODE_SIGN_IDENTITY = "iPhone Developer";
				COPY_PHASE_STRIP = NO;
				DEBUG_INFORMATION_FORMAT = dwarf;
				ENABLE_STRICT_OBJC_MSGSEND = YES;
				ENABLE_TESTABILITY = YES;
				GCC_C_LANGUAGE_STANDARD = gnu11;
				GCC_DYNAMIC_NO_PIC = NO;
				GCC_NO_COMMON_BLOCKS = YES;
				GCC_OPTIMIZATION_LEVEL = 0;
				GCC_PREPROCESSOR_DEFINITIONS = (
					"DEBUG=1",
					"$(inherited)",
				);
				GCC_WARN_64_TO_32_BIT_CONVERSION = YES;
				GCC_WARN_ABOUT_RETURN_TYPE = YES_ERROR;
				GCC_WARN_UNDECLARED_SELECTOR = YES;
				GCC_WARN_UNINITIALIZED_AUTOS = YES_AGGRESSIVE;
				GCC_WARN_UNUSED_FUNCTION = YES;
				GCC_WARN_UNUSED_VARIABLE = YES;
				IPHONEOS_DEPLOYMENT_TARGET = 11.1;
				MTL_ENABLE_DEBUG_INFO = YES;
				ONLY_ACTIVE_ARCH = YES;
				SDKROOT = iphoneos;
				SWIFT_ACTIVE_COMPILATION_CONDITIONS = DEBUG;
				SWIFT_OPTIMIZATION_LEVEL = "-Onone";
			};
			name = Debug;
		};
		49CF815820347FB20017E1FA /* Release */ = {
			isa = XCBuildConfiguration;
			buildSettings = {
				ALWAYS_SEARCH_USER_PATHS = NO;
				CLANG_ANALYZER_NONNULL = YES;
				CLANG_ANALYZER_NUMBER_OBJECT_CONVERSION = YES_AGGRESSIVE;
				CLANG_CXX_LANGUAGE_STANDARD = "gnu++14";
				CLANG_CXX_LIBRARY = "libc++";
				CLANG_ENABLE_MODULES = YES;
				CLANG_ENABLE_OBJC_ARC = YES;
				CLANG_WARN_BLOCK_CAPTURE_AUTORELEASING = YES;
				CLANG_WARN_BOOL_CONVERSION = YES;
				CLANG_WARN_COMMA = YES;
				CLANG_WARN_CONSTANT_CONVERSION = YES;
				CLANG_WARN_DIRECT_OBJC_ISA_USAGE = YES_ERROR;
				CLANG_WARN_DOCUMENTATION_COMMENTS = YES;
				CLANG_WARN_EMPTY_BODY = YES;
				CLANG_WARN_ENUM_CONVERSION = YES;
				CLANG_WARN_INFINITE_RECURSION = YES;
				CLANG_WARN_INT_CONVERSION = YES;
				CLANG_WARN_NON_LITERAL_NULL_CONVERSION = YES;
				CLANG_WARN_OBJC_LITERAL_CONVERSION = YES;
				CLANG_WARN_OBJC_ROOT_CLASS = YES_ERROR;
				CLANG_WARN_RANGE_LOOP_ANALYSIS = YES;
				CLANG_WARN_STRICT_PROTOTYPES = YES;
				CLANG_WARN_SUSPICIOUS_MOVE = YES;
				CLANG_WARN_UNGUARDED_AVAILABILITY = YES_AGGRESSIVE;
				CLANG_WARN_UNREACHABLE_CODE = YES;
				CLANG_WARN__DUPLICATE_METHOD_MATCH = YES;
				CODE_SIGN_IDENTITY = "iPhone Developer";
				COPY_PHASE_STRIP = NO;
				DEBUG_INFORMATION_FORMAT = "dwarf-with-dsym";
				ENABLE_NS_ASSERTIONS = NO;
				ENABLE_STRICT_OBJC_MSGSEND = YES;
				GCC_C_LANGUAGE_STANDARD = gnu11;
				GCC_NO_COMMON_BLOCKS = YES;
				GCC_WARN_64_TO_32_BIT_CONVERSION = YES;
				GCC_WARN_ABOUT_RETURN_TYPE = YES_ERROR;
				GCC_WARN_UNDECLARED_SELECTOR = YES;
				GCC_WARN_UNINITIALIZED_AUTOS = YES_AGGRESSIVE;
				GCC_WARN_UNUSED_FUNCTION = YES;
				GCC_WARN_UNUSED_VARIABLE = YES;
				IPHONEOS_DEPLOYMENT_TARGET = 11.1;
				MTL_ENABLE_DEBUG_INFO = NO;
				SDKROOT = iphoneos;
				SWIFT_OPTIMIZATION_LEVEL = "-Owholemodule";
				VALIDATE_PRODUCT = YES;
			};
			name = Release;
		};
		49CF815A20347FB20017E1FA /* Debug */ = {
			isa = XCBuildConfiguration;
			buildSettings = {
				ASSETCATALOG_COMPILER_APPICON_NAME = AppIcon;
				CODE_SIGN_STYLE = Automatic;
				DEVELOPMENT_TEAM = GQU3QL4RG3;
				INFOPLIST_FILE = CustomerRegistration/Info.plist;
				LD_RUNPATH_SEARCH_PATHS = "$(inherited) @executable_path/Frameworks";
				PRODUCT_BUNDLE_IDENTIFIER = STONE.CustomerRegistration;
				PRODUCT_NAME = "$(TARGET_NAME)";
				SWIFT_VERSION = 4.0;
				TARGETED_DEVICE_FAMILY = "1,2";
			};
			name = Debug;
		};
		49CF815B20347FB20017E1FA /* Release */ = {
			isa = XCBuildConfiguration;
			buildSettings = {
				ASSETCATALOG_COMPILER_APPICON_NAME = AppIcon;
				CODE_SIGN_STYLE = Automatic;
				DEVELOPMENT_TEAM = GQU3QL4RG3;
				INFOPLIST_FILE = CustomerRegistration/Info.plist;
				LD_RUNPATH_SEARCH_PATHS = "$(inherited) @executable_path/Frameworks";
				PRODUCT_BUNDLE_IDENTIFIER = STONE.CustomerRegistration;
				PRODUCT_NAME = "$(TARGET_NAME)";
				SWIFT_VERSION = 4.0;
				TARGETED_DEVICE_FAMILY = "1,2";
			};
			name = Release;
		};
		4D6EF1D3203C97DF0073C1C2 /* Debug */ = {
			isa = XCBuildConfiguration;
			buildSettings = {
				BUNDLE_LOADER = "$(TEST_HOST)";
				CODE_SIGN_STYLE = Automatic;
				DEVELOPMENT_TEAM = GQU3QL4RG3;
				FRAMEWORK_SEARCH_PATHS = (
					"$(inherited)",
					"$(PROJECT_DIR)/Carthage/Build/iOS",
				);
				INFOPLIST_FILE = CustomerTests/Info.plist;
				IPHONEOS_DEPLOYMENT_TARGET = 11.2;
				LD_RUNPATH_SEARCH_PATHS = "$(inherited) @executable_path/Frameworks @loader_path/Frameworks";
				PRODUCT_BUNDLE_IDENTIFIER = Stone.CustomerTests;
				PRODUCT_NAME = "$(TARGET_NAME)";
				SWIFT_VERSION = 4.0;
				TARGETED_DEVICE_FAMILY = "1,2";
				TEST_HOST = "$(BUILT_PRODUCTS_DIR)/CustomerRegistration.app/CustomerRegistration";
			};
			name = Debug;
		};
		4D6EF1D4203C97DF0073C1C2 /* Release */ = {
			isa = XCBuildConfiguration;
			buildSettings = {
				BUNDLE_LOADER = "$(TEST_HOST)";
				CODE_SIGN_STYLE = Automatic;
				DEVELOPMENT_TEAM = GQU3QL4RG3;
				FRAMEWORK_SEARCH_PATHS = (
					"$(inherited)",
					"$(PROJECT_DIR)/Carthage/Build/iOS",
				);
				INFOPLIST_FILE = CustomerTests/Info.plist;
				IPHONEOS_DEPLOYMENT_TARGET = 11.2;
				LD_RUNPATH_SEARCH_PATHS = "$(inherited) @executable_path/Frameworks @loader_path/Frameworks";
				PRODUCT_BUNDLE_IDENTIFIER = Stone.CustomerTests;
				PRODUCT_NAME = "$(TARGET_NAME)";
				SWIFT_VERSION = 4.0;
				TARGETED_DEVICE_FAMILY = "1,2";
				TEST_HOST = "$(BUILT_PRODUCTS_DIR)/CustomerRegistration.app/CustomerRegistration";
			};
			name = Release;
		};
		4D71E3DE2044A54B00C51054 /* Debug */ = {
			isa = XCBuildConfiguration;
			buildSettings = {
				BUNDLE_LOADER = "$(TEST_HOST)";
				CODE_SIGN_STYLE = Automatic;
				DEVELOPMENT_TEAM = GQU3QL4RG3;
				FRAMEWORK_SEARCH_PATHS = (
					"$(inherited)",
					"$(PROJECT_DIR)/Carthage/Build/iOS",
				);
				INFOPLIST_FILE = NameValidatorTests/Info.plist;
				IPHONEOS_DEPLOYMENT_TARGET = 11.2;
				LD_RUNPATH_SEARCH_PATHS = "$(inherited) @executable_path/Frameworks @loader_path/Frameworks";
				PRODUCT_BUNDLE_IDENTIFIER = Stone.NameValidatorTests;
				PRODUCT_NAME = "$(TARGET_NAME)";
				SWIFT_VERSION = 4.0;
				TARGETED_DEVICE_FAMILY = "1,2";
				TEST_HOST = "$(BUILT_PRODUCTS_DIR)/CustomerRegistration.app/CustomerRegistration";
			};
			name = Debug;
		};
		4D71E3DF2044A54B00C51054 /* Release */ = {
			isa = XCBuildConfiguration;
			buildSettings = {
				BUNDLE_LOADER = "$(TEST_HOST)";
				CODE_SIGN_STYLE = Automatic;
				DEVELOPMENT_TEAM = GQU3QL4RG3;
				FRAMEWORK_SEARCH_PATHS = (
					"$(inherited)",
					"$(PROJECT_DIR)/Carthage/Build/iOS",
				);
				INFOPLIST_FILE = NameValidatorTests/Info.plist;
				IPHONEOS_DEPLOYMENT_TARGET = 11.2;
				LD_RUNPATH_SEARCH_PATHS = "$(inherited) @executable_path/Frameworks @loader_path/Frameworks";
				PRODUCT_BUNDLE_IDENTIFIER = Stone.NameValidatorTests;
				PRODUCT_NAME = "$(TARGET_NAME)";
				SWIFT_VERSION = 4.0;
				TARGETED_DEVICE_FAMILY = "1,2";
				TEST_HOST = "$(BUILT_PRODUCTS_DIR)/CustomerRegistration.app/CustomerRegistration";
			};
			name = Release;
		};
		4D71E3F32044AFBF00C51054 /* Debug */ = {
			isa = XCBuildConfiguration;
			buildSettings = {
				BUNDLE_LOADER = "$(TEST_HOST)";
				CODE_SIGN_STYLE = Automatic;
				DEVELOPMENT_TEAM = GQU3QL4RG3;
				FRAMEWORK_SEARCH_PATHS = (
					"$(inherited)",
					"$(PROJECT_DIR)/Carthage/Build/iOS",
				);
				INFOPLIST_FILE = EmailValidatorTests/Info.plist;
				IPHONEOS_DEPLOYMENT_TARGET = 11.2;
				LD_RUNPATH_SEARCH_PATHS = "$(inherited) @executable_path/Frameworks @loader_path/Frameworks";
				PRODUCT_BUNDLE_IDENTIFIER = Stone.EmailValidatorTests;
				PRODUCT_NAME = "$(TARGET_NAME)";
				SWIFT_VERSION = 4.0;
				TARGETED_DEVICE_FAMILY = "1,2";
				TEST_HOST = "$(BUILT_PRODUCTS_DIR)/CustomerRegistration.app/CustomerRegistration";
			};
			name = Debug;
		};
		4D71E3F42044AFBF00C51054 /* Release */ = {
			isa = XCBuildConfiguration;
			buildSettings = {
				BUNDLE_LOADER = "$(TEST_HOST)";
				CODE_SIGN_STYLE = Automatic;
				DEVELOPMENT_TEAM = GQU3QL4RG3;
				FRAMEWORK_SEARCH_PATHS = (
					"$(inherited)",
					"$(PROJECT_DIR)/Carthage/Build/iOS",
				);
				INFOPLIST_FILE = EmailValidatorTests/Info.plist;
				IPHONEOS_DEPLOYMENT_TARGET = 11.2;
				LD_RUNPATH_SEARCH_PATHS = "$(inherited) @executable_path/Frameworks @loader_path/Frameworks";
				PRODUCT_BUNDLE_IDENTIFIER = Stone.EmailValidatorTests;
				PRODUCT_NAME = "$(TARGET_NAME)";
				SWIFT_VERSION = 4.0;
				TARGETED_DEVICE_FAMILY = "1,2";
				TEST_HOST = "$(BUILT_PRODUCTS_DIR)/CustomerRegistration.app/CustomerRegistration";
			};
			name = Release;
		};
		4D71E4012044AFD700C51054 /* Debug */ = {
			isa = XCBuildConfiguration;
			buildSettings = {
				BUNDLE_LOADER = "$(TEST_HOST)";
				CODE_SIGN_STYLE = Automatic;
				DEVELOPMENT_TEAM = GQU3QL4RG3;
				FRAMEWORK_SEARCH_PATHS = (
					"$(inherited)",
					"$(PROJECT_DIR)/Carthage/Build/iOS",
				);
				INFOPLIST_FILE = PhoneValidatorTests/Info.plist;
				IPHONEOS_DEPLOYMENT_TARGET = 11.2;
				LD_RUNPATH_SEARCH_PATHS = "$(inherited) @executable_path/Frameworks @loader_path/Frameworks";
				PRODUCT_BUNDLE_IDENTIFIER = Stone.PhoneValidatorTests;
				PRODUCT_NAME = "$(TARGET_NAME)";
				SWIFT_VERSION = 4.0;
				TARGETED_DEVICE_FAMILY = "1,2";
				TEST_HOST = "$(BUILT_PRODUCTS_DIR)/CustomerRegistration.app/CustomerRegistration";
			};
			name = Debug;
		};
		4D71E4022044AFD700C51054 /* Release */ = {
			isa = XCBuildConfiguration;
			buildSettings = {
				BUNDLE_LOADER = "$(TEST_HOST)";
				CODE_SIGN_STYLE = Automatic;
				DEVELOPMENT_TEAM = GQU3QL4RG3;
				FRAMEWORK_SEARCH_PATHS = (
					"$(inherited)",
					"$(PROJECT_DIR)/Carthage/Build/iOS",
				);
				INFOPLIST_FILE = PhoneValidatorTests/Info.plist;
				IPHONEOS_DEPLOYMENT_TARGET = 11.2;
				LD_RUNPATH_SEARCH_PATHS = "$(inherited) @executable_path/Frameworks @loader_path/Frameworks";
				PRODUCT_BUNDLE_IDENTIFIER = Stone.PhoneValidatorTests;
				PRODUCT_NAME = "$(TARGET_NAME)";
				SWIFT_VERSION = 4.0;
				TARGETED_DEVICE_FAMILY = "1,2";
				TEST_HOST = "$(BUILT_PRODUCTS_DIR)/CustomerRegistration.app/CustomerRegistration";
			};
			name = Release;
		};
		4D71E40F2044AFE500C51054 /* Debug */ = {
			isa = XCBuildConfiguration;
			buildSettings = {
				BUNDLE_LOADER = "$(TEST_HOST)";
				CODE_SIGN_STYLE = Automatic;
				DEVELOPMENT_TEAM = GQU3QL4RG3;
				FRAMEWORK_SEARCH_PATHS = (
					"$(inherited)",
					"$(PROJECT_DIR)/Carthage/Build/iOS",
				);
				INFOPLIST_FILE = CompanyNameValidatorTests/Info.plist;
				IPHONEOS_DEPLOYMENT_TARGET = 11.2;
				LD_RUNPATH_SEARCH_PATHS = "$(inherited) @executable_path/Frameworks @loader_path/Frameworks";
				PRODUCT_BUNDLE_IDENTIFIER = Stone.CompanyNameValidatorTests;
				PRODUCT_NAME = "$(TARGET_NAME)";
				SWIFT_VERSION = 4.0;
				TARGETED_DEVICE_FAMILY = "1,2";
				TEST_HOST = "$(BUILT_PRODUCTS_DIR)/CustomerRegistration.app/CustomerRegistration";
			};
			name = Debug;
		};
		4D71E4102044AFE500C51054 /* Release */ = {
			isa = XCBuildConfiguration;
			buildSettings = {
				BUNDLE_LOADER = "$(TEST_HOST)";
				CODE_SIGN_STYLE = Automatic;
				DEVELOPMENT_TEAM = GQU3QL4RG3;
				FRAMEWORK_SEARCH_PATHS = (
					"$(inherited)",
					"$(PROJECT_DIR)/Carthage/Build/iOS",
				);
				INFOPLIST_FILE = CompanyNameValidatorTests/Info.plist;
				IPHONEOS_DEPLOYMENT_TARGET = 11.2;
				LD_RUNPATH_SEARCH_PATHS = "$(inherited) @executable_path/Frameworks @loader_path/Frameworks";
				PRODUCT_BUNDLE_IDENTIFIER = Stone.CompanyNameValidatorTests;
				PRODUCT_NAME = "$(TARGET_NAME)";
				SWIFT_VERSION = 4.0;
				TARGETED_DEVICE_FAMILY = "1,2";
				TEST_HOST = "$(BUILT_PRODUCTS_DIR)/CustomerRegistration.app/CustomerRegistration";
			};
			name = Release;
		};
		4D71E41D2044AFF300C51054 /* Debug */ = {
			isa = XCBuildConfiguration;
			buildSettings = {
				BUNDLE_LOADER = "$(TEST_HOST)";
				CODE_SIGN_STYLE = Automatic;
				DEVELOPMENT_TEAM = GQU3QL4RG3;
				FRAMEWORK_SEARCH_PATHS = (
					"$(inherited)",
					"$(PROJECT_DIR)/Carthage/Build/iOS",
				);
				INFOPLIST_FILE = CNPJValidatorTests/Info.plist;
				IPHONEOS_DEPLOYMENT_TARGET = 11.2;
				LD_RUNPATH_SEARCH_PATHS = "$(inherited) @executable_path/Frameworks @loader_path/Frameworks";
				PRODUCT_BUNDLE_IDENTIFIER = Stone.CNPJValidatorTests;
				PRODUCT_NAME = "$(TARGET_NAME)";
				SWIFT_VERSION = 4.0;
				TARGETED_DEVICE_FAMILY = "1,2";
				TEST_HOST = "$(BUILT_PRODUCTS_DIR)/CustomerRegistration.app/CustomerRegistration";
			};
			name = Debug;
		};
		4D71E41E2044AFF300C51054 /* Release */ = {
			isa = XCBuildConfiguration;
			buildSettings = {
				BUNDLE_LOADER = "$(TEST_HOST)";
				CODE_SIGN_STYLE = Automatic;
				DEVELOPMENT_TEAM = GQU3QL4RG3;
				FRAMEWORK_SEARCH_PATHS = (
					"$(inherited)",
					"$(PROJECT_DIR)/Carthage/Build/iOS",
				);
				INFOPLIST_FILE = CNPJValidatorTests/Info.plist;
				IPHONEOS_DEPLOYMENT_TARGET = 11.2;
				LD_RUNPATH_SEARCH_PATHS = "$(inherited) @executable_path/Frameworks @loader_path/Frameworks";
				PRODUCT_BUNDLE_IDENTIFIER = Stone.CNPJValidatorTests;
				PRODUCT_NAME = "$(TARGET_NAME)";
				SWIFT_VERSION = 4.0;
				TARGETED_DEVICE_FAMILY = "1,2";
				TEST_HOST = "$(BUILT_PRODUCTS_DIR)/CustomerRegistration.app/CustomerRegistration";
			};
			name = Release;
		};
		4DC8ABB72044BF52003244E5 /* Debug */ = {
			isa = XCBuildConfiguration;
			buildSettings = {
				BUNDLE_LOADER = "$(TEST_HOST)";
				CODE_SIGN_STYLE = Automatic;
				DEVELOPMENT_TEAM = GQU3QL4RG3;
				FRAMEWORK_SEARCH_PATHS = (
					"$(inherited)",
					"$(PROJECT_DIR)/Carthage/Build/iOS",
				);
				INFOPLIST_FILE = HeadlineTests/Info.plist;
				IPHONEOS_DEPLOYMENT_TARGET = 11.2;
				LD_RUNPATH_SEARCH_PATHS = "$(inherited) @executable_path/Frameworks @loader_path/Frameworks";
				PRODUCT_BUNDLE_IDENTIFIER = Stone.HeadlineTests;
				PRODUCT_NAME = "$(TARGET_NAME)";
				SWIFT_VERSION = 4.0;
				TARGETED_DEVICE_FAMILY = "1,2";
				TEST_HOST = "$(BUILT_PRODUCTS_DIR)/CustomerRegistration.app/CustomerRegistration";
			};
			name = Debug;
		};
		4DC8ABB82044BF52003244E5 /* Release */ = {
			isa = XCBuildConfiguration;
			buildSettings = {
				BUNDLE_LOADER = "$(TEST_HOST)";
				CODE_SIGN_STYLE = Automatic;
				DEVELOPMENT_TEAM = GQU3QL4RG3;
				FRAMEWORK_SEARCH_PATHS = (
					"$(inherited)",
					"$(PROJECT_DIR)/Carthage/Build/iOS",
				);
				INFOPLIST_FILE = HeadlineTests/Info.plist;
				IPHONEOS_DEPLOYMENT_TARGET = 11.2;
				LD_RUNPATH_SEARCH_PATHS = "$(inherited) @executable_path/Frameworks @loader_path/Frameworks";
				PRODUCT_BUNDLE_IDENTIFIER = Stone.HeadlineTests;
				PRODUCT_NAME = "$(TARGET_NAME)";
				SWIFT_VERSION = 4.0;
				TARGETED_DEVICE_FAMILY = "1,2";
				TEST_HOST = "$(BUILT_PRODUCTS_DIR)/CustomerRegistration.app/CustomerRegistration";
			};
			name = Release;
		};
		4DC8ABCE2045D556003244E5 /* Debug */ = {
			isa = XCBuildConfiguration;
			buildSettings = {
				BUNDLE_LOADER = "$(TEST_HOST)";
				CODE_SIGN_STYLE = Automatic;
				DEVELOPMENT_TEAM = GQU3QL4RG3;
				FRAMEWORK_SEARCH_PATHS = (
					"$(inherited)",
					"$(PROJECT_DIR)/Carthage/Build/iOS",
				);
				INFOPLIST_FILE = RegistrationTests/Info.plist;
				IPHONEOS_DEPLOYMENT_TARGET = 11.2;
				LD_RUNPATH_SEARCH_PATHS = "$(inherited) @executable_path/Frameworks @loader_path/Frameworks";
				PRODUCT_BUNDLE_IDENTIFIER = Stone.RegistrationTests;
				PRODUCT_NAME = "$(TARGET_NAME)";
				SWIFT_VERSION = 4.0;
				TARGETED_DEVICE_FAMILY = "1,2";
				TEST_HOST = "$(BUILT_PRODUCTS_DIR)/CustomerRegistration.app/CustomerRegistration";
			};
			name = Debug;
		};
		4DC8ABCF2045D556003244E5 /* Release */ = {
			isa = XCBuildConfiguration;
			buildSettings = {
				BUNDLE_LOADER = "$(TEST_HOST)";
				CODE_SIGN_STYLE = Automatic;
				DEVELOPMENT_TEAM = GQU3QL4RG3;
				FRAMEWORK_SEARCH_PATHS = (
					"$(inherited)",
					"$(PROJECT_DIR)/Carthage/Build/iOS",
				);
				INFOPLIST_FILE = RegistrationTests/Info.plist;
				IPHONEOS_DEPLOYMENT_TARGET = 11.2;
				LD_RUNPATH_SEARCH_PATHS = "$(inherited) @executable_path/Frameworks @loader_path/Frameworks";
				PRODUCT_BUNDLE_IDENTIFIER = Stone.RegistrationTests;
				PRODUCT_NAME = "$(TARGET_NAME)";
				SWIFT_VERSION = 4.0;
				TARGETED_DEVICE_FAMILY = "1,2";
				TEST_HOST = "$(BUILT_PRODUCTS_DIR)/CustomerRegistration.app/CustomerRegistration";
			};
			name = Release;
		};
/* End XCBuildConfiguration section */

/* Begin XCConfigurationList section */
		49CF814220347FB20017E1FA /* Build configuration list for PBXProject "CustomerRegistration" */ = {
			isa = XCConfigurationList;
			buildConfigurations = (
				49CF815720347FB20017E1FA /* Debug */,
				49CF815820347FB20017E1FA /* Release */,
			);
			defaultConfigurationIsVisible = 0;
			defaultConfigurationName = Release;
		};
		49CF815920347FB20017E1FA /* Build configuration list for PBXNativeTarget "CustomerRegistration" */ = {
			isa = XCConfigurationList;
			buildConfigurations = (
				49CF815A20347FB20017E1FA /* Debug */,
				49CF815B20347FB20017E1FA /* Release */,
			);
			defaultConfigurationIsVisible = 0;
			defaultConfigurationName = Release;
		};
		4D6EF1D2203C97DF0073C1C2 /* Build configuration list for PBXNativeTarget "CustomerTests" */ = {
			isa = XCConfigurationList;
			buildConfigurations = (
				4D6EF1D3203C97DF0073C1C2 /* Debug */,
				4D6EF1D4203C97DF0073C1C2 /* Release */,
			);
			defaultConfigurationIsVisible = 0;
			defaultConfigurationName = Release;
		};
		4D71E3DD2044A54B00C51054 /* Build configuration list for PBXNativeTarget "NameValidatorTests" */ = {
			isa = XCConfigurationList;
			buildConfigurations = (
				4D71E3DE2044A54B00C51054 /* Debug */,
				4D71E3DF2044A54B00C51054 /* Release */,
			);
			defaultConfigurationIsVisible = 0;
			defaultConfigurationName = Release;
		};
		4D71E3F22044AFBF00C51054 /* Build configuration list for PBXNativeTarget "EmailValidatorTests" */ = {
			isa = XCConfigurationList;
			buildConfigurations = (
				4D71E3F32044AFBF00C51054 /* Debug */,
				4D71E3F42044AFBF00C51054 /* Release */,
			);
			defaultConfigurationIsVisible = 0;
			defaultConfigurationName = Release;
		};
		4D71E4002044AFD700C51054 /* Build configuration list for PBXNativeTarget "PhoneValidatorTests" */ = {
			isa = XCConfigurationList;
			buildConfigurations = (
				4D71E4012044AFD700C51054 /* Debug */,
				4D71E4022044AFD700C51054 /* Release */,
			);
			defaultConfigurationIsVisible = 0;
			defaultConfigurationName = Release;
		};
		4D71E40E2044AFE500C51054 /* Build configuration list for PBXNativeTarget "CompanyNameValidatorTests" */ = {
			isa = XCConfigurationList;
			buildConfigurations = (
				4D71E40F2044AFE500C51054 /* Debug */,
				4D71E4102044AFE500C51054 /* Release */,
			);
			defaultConfigurationIsVisible = 0;
			defaultConfigurationName = Release;
		};
		4D71E41C2044AFF300C51054 /* Build configuration list for PBXNativeTarget "CNPJValidatorTests" */ = {
			isa = XCConfigurationList;
			buildConfigurations = (
				4D71E41D2044AFF300C51054 /* Debug */,
				4D71E41E2044AFF300C51054 /* Release */,
			);
			defaultConfigurationIsVisible = 0;
			defaultConfigurationName = Release;
		};
		4DC8ABB92044BF52003244E5 /* Build configuration list for PBXNativeTarget "HeadlineTests" */ = {
			isa = XCConfigurationList;
			buildConfigurations = (
				4DC8ABB72044BF52003244E5 /* Debug */,
				4DC8ABB82044BF52003244E5 /* Release */,
			);
			defaultConfigurationIsVisible = 0;
			defaultConfigurationName = Release;
		};
		4DC8ABCD2045D556003244E5 /* Build configuration list for PBXNativeTarget "RegistrationTests" */ = {
			isa = XCConfigurationList;
			buildConfigurations = (
				4DC8ABCE2045D556003244E5 /* Debug */,
				4DC8ABCF2045D556003244E5 /* Release */,
			);
			defaultConfigurationIsVisible = 0;
			defaultConfigurationName = Release;
		};
/* End XCConfigurationList section */

/* Begin XCVersionGroup section */
		4D2CCCB7203DDE0B00802D31 /* CustomerRegistration.xcdatamodeld */ = {
			isa = XCVersionGroup;
			children = (
				4D2CCCB8203DDE0B00802D31 /* myMainProject.xcdatamodel */,
			);
			currentVersion = 4D2CCCB8203DDE0B00802D31 /* myMainProject.xcdatamodel */;
			path = CustomerRegistration.xcdatamodeld;
			sourceTree = "<group>";
			versionGroupType = wrapper.xcdatamodel;
		};
/* End XCVersionGroup section */
	};
	rootObject = 49CF813F20347FB20017E1FA /* Project object */;
}
